{
    "version": "0.5",
    "requires": [
        "zlib/1.3.1#f52e03ae3d251dec704634230cd806a2%1708593606.497",
        "libxml2/2.13.4#72b3bfba0c37dfe22f20c587cc468f4c%1726875222.855",
        "libcurl/8.10.1#a3113369c86086b0e84231844e7ed0a9%1726826278.501"
    ],
    "build_requires": [
        "pkgconf/2.1.0#27f44583701117b571307cf5b5fe5605%1701537936.436",
        "ninja/1.12.1#fd583651bf0c6a901943495d49878803%1724079877.609",
        "meson/1.2.2#21b73818ba96d9eea465b310b5bbc993%1726730120.212",
        "m4/1.4.19#b38ced39a01e31fef5435bc634461fd2%1700758725.451",
        "libtool/2.4.7#08316dad5c72c541ed21e039e4cf217b%1702300906.107",
        "gnu-config/cci.20210814#dc430d754f465e8c74463019672fb97b%1701248168.479",
        "automake/1.16.5#058bda3e21c36c9aa8425daf3c1faf50%1688481772.751",
        "autoconf/2.71#f9307992909d7fb3df459340f1932809%1711983104.648"
    ],
    "python_requires": [],
    "config_requires": []
}