<?xml version="1.0" encoding="UTF-8" standalone="yes" ?>
<CodeBlocks_project_file>
	<FileVersion major="1" minor="4" />
	<Project>
		<Option title="libvorbisfile" />
		<Option pch_mode="0" />
		<Option default_target="-1" />
		<Option compiler="gcc" />
		<Build>
			<Target title="Win32 Release">
				<Option output="..\..\winlibs\build\dist\libvorbisfile.a" />
				<Option working_dir="" />
				<Option object_output="..\..\winlibs\build\tmp\libvorbisfile___Win32_Release" />
				<Option external_deps="..\..\winlibs\build\dist\libvorbis.a;" />
				<Option type="2" />
				<Option compiler="gcc" />
				<Option includeInTargetAll="1" />
				<Option createDefFile="1" />
				<Option projectResourceIncludeDirsRelation="2" />
				<Compiler>
					<Add option="-O2" />
					<Add option="-W" />
					<Add option="-DNDEBUG" />
					<Add option="-D_WIN32" />
				</Compiler>
				<Linker>
					<Add library="..\..\winlibs\build\dist\libogg.a" />
					<Add library="..\..\winlibs\build\dist\libvorbis.a" />
				</Linker>
			</Target>
			<Target title="Win32 Debug">
				<Option output="..\..\winlibs\build\debug\libvorbisfile.a" />
				<Option working_dir="" />
				<Option object_output="..\..\winlibs\build\tmp\libvorbisfile___Win32_Debug" />
				<Option external_deps="..\..\winlibs\libvorbis\win32\Vorbis_Static_Debug\libvorbis_static_d.a;" />
				<Option type="2" />
				<Option compiler="gcc" />
				<Option includeInTargetAll="1" />
				<Option createDefFile="1" />
				<Option projectResourceIncludeDirsRelation="2" />
				<Compiler>
					<Add option="-W" />
					<Add option="-g" />
					<Add option="-D_DEBUG" />
				</Compiler>
				<Linker>
					<Add library="..\..\winlibs\build\debug\libogg.a" />
					<Add library="..\..\winlibs\build\debug\libvorbis.a" />
				</Linker>
			</Target>
			<Target title="Win32 Profile">
				<Option output="..\..\winlibs\build\profile\libvorbisfile.a" />
				<Option working_dir="" />
				<Option object_output="..\..\winlibs\build\tmp\libvorbisfile___Win32_Profile" />
				<Option external_deps="..\..\winlibs\libvorbis\win32\Vorbis_Static_Debug\libvorbis_static_d.a;" />
				<Option type="2" />
				<Option compiler="gcc" />
				<Option includeInTargetAll="1" />
				<Option createDefFile="1" />
				<Option projectResourceIncludeDirsRelation="2" />
				<Compiler>
					<Add option="-W" />
					<Add option="-g" />
					<Add option="-D_DEBUG" />
				</Compiler>
				<Linker>
					<Add library="..\..\winlibs\build\profile\libogg.a" />
					<Add library="..\..\winlibs\build\profile\libvorbis.a" />
				</Linker>
			</Target>
		</Build>
		<Compiler>
			<Add option="-fexceptions" />
			<Add option="-DWIN32" />
			<Add option="-D_MBCS" />
			<Add option="-D_LIB" />
			<Add directory="..\..\winlibs\libvorbis\include" />
			<Add directory="..\..\winlibs\libogg\include" />
		</Compiler>
		<Unit filename="..\..\winlibs\libvorbis\include\vorbis\vorbisfile.h">
			<Option compilerVar="" />
			<Option compile="0" />
			<Option link="0" />
			<Option target="Win32 Release" />
			<Option target="Win32 Debug" />
			<Option target="Win32 Profile" />
		</Unit>
		<Unit filename="..\..\winlibs\libvorbis\lib\vorbisfile.c">
			<Option compilerVar="CC" />
			<Option target="Win32 Release" />
			<Option target="Win32 Debug" />
			<Option target="Win32 Profile" />
		</Unit>
	</Project>
</CodeBlocks_project_file>