<?xml version="1.0" encoding="UTF-8" standalone="yes" ?>
<CodeBlocks_project_file>
	<FileVersion major="1" minor="4" />
	<Project>
		<Option title="SDL" />
		<Option pch_mode="0" />
		<Option default_target="-1" />
		<Option compiler="gcc" />
		<Build>
			<Target title="Win32 Release">
				<Option output="..\dist\SDL.dll" />
				<Option object_output="tmp\SDL___Win32_Release" />
				<Option type="3" />
				<Option compiler="gcc" />
				<Option includeInTargetAll="1" />
				<Option createDefFile="1" />
				<Option createStaticLib="1" />
				<Compiler>
					<Add option="-O2" />
					<Add option="-W" />
					<Add option="-DNDEBUG" />
				</Compiler>
			</Target>
			<Target title="Win32 Debug">
				<Option output="..\debug\SDL.dll" />
				<Option object_output="tmp\SDL___Win32_Debug" />
				<Option type="3" />
				<Option compiler="gcc" />
				<Option includeInTargetAll="1" />
				<Option createDefFile="1" />
				<Option createStaticLib="1" />
				<Compiler>
					<Add option="-W" />
					<Add option="-g" />
					<Add option="-D_DEBUG" />
				</Compiler>
			</Target>
			<Target title="Win32 Profile">
				<Option output="..\profile\SDL.dll" />
				<Option object_output="tmp\SDL___Win32_Profile" />
				<Option type="3" />
				<Option compiler="gcc" />
				<Option includeInTargetAll="1" />
				<Option createDefFile="1" />
				<Option createStaticLib="1" />
				<Compiler>
					<Add option="-W" />
					<Add option="-g" />
					<Add option="-D_DEBUG" />
				</Compiler>
			</Target>
		</Build>
		<Compiler>
			<Add option="-fexceptions" />
			<Add option="-D_WINDOWS" />
			<Add option="-DENABLE_WINDIB" />
			<Add option="-DDENABLE_DIRECTX" />
			<Add option="-D_WIN32_WINNT=0x0400" />
			<Add option="-D_CRT_SECURE_NO_DEPRECATE" />
			<Add directory="directx\include" />
			<Add directory="..\winlibs\SDL\src" />
			<Add directory="..\winlibs\SDL\src\audio" />
			<Add directory="..\winlibs\SDL\src\video" />
			<Add directory="..\winlibs\SDL\src\video\wincommon" />
			<Add directory="..\winlibs\SDL\src\video\windx5" />
			<Add directory="..\winlibs\SDL\src\events" />
			<Add directory="..\winlibs\SDL\src\joystick" />
			<Add directory="..\winlibs\SDL\src\cdrom" />
			<Add directory="..\winlibs\SDL\src\thread" />
			<Add directory="..\winlibs\SDL\src\thread\win32" />
			<Add directory="..\winlibs\SDL\src\timer" />
			<Add directory="..\winlibs\SDL\include" />
			<Add directory="..\winlibs\SDL\include\SDL" />
		</Compiler>
		<Linker>
			<Add library="libdxguid.a" />
			<Add library="libgdi32.a" />
			<Add library="libwinmm.a" />
		</Linker>
		<Unit filename="..\winlibs\SDL\VisualC\SDL\Version.rc">
			<Option compilerVar="WINDRES" />
			<Option objectName="winlibs\SDL\VisualC\SDL\Version.res" />
			<Option target="Win32 Release" />
			<Option target="Win32 Debug" />
			<Option target="Win32 Profile" />
		</Unit>
		<Unit filename="..\winlibs\SDL\src\SDL.c">
			<Option compilerVar="CC" />
			<Option target="Win32 Release" />
			<Option target="Win32 Debug" />
			<Option target="Win32 Profile" />
		</Unit>
		<Unit filename="..\winlibs\SDL\src\SDL_error.c">
			<Option compilerVar="CC" />
			<Option target="Win32 Release" />
			<Option target="Win32 Debug" />
			<Option target="Win32 Profile" />
		</Unit>
		<Unit filename="..\winlibs\SDL\src\SDL_error_c.h">
			<Option compilerVar="" />
			<Option compile="0" />
			<Option link="0" />
			<Option target="Win32 Release" />
			<Option target="Win32 Debug" />
			<Option target="Win32 Profile" />
		</Unit>
		<Unit filename="..\winlibs\SDL\src\SDL_fatal.c">
			<Option compilerVar="CC" />
			<Option target="Win32 Release" />
			<Option target="Win32 Debug" />
			<Option target="Win32 Profile" />
		</Unit>
		<Unit filename="..\winlibs\SDL\src\SDL_fatal.h">
			<Option compilerVar="" />
			<Option compile="0" />
			<Option link="0" />
			<Option target="Win32 Release" />
			<Option target="Win32 Debug" />
			<Option target="Win32 Profile" />
		</Unit>
		<Unit filename="..\winlibs\SDL\src\audio\SDL_audio.c">
			<Option compilerVar="CC" />
			<Option target="Win32 Release" />
			<Option target="Win32 Debug" />
			<Option target="Win32 Profile" />
		</Unit>
		<Unit filename="..\winlibs\SDL\src\audio\SDL_audio_c.h">
			<Option compilerVar="" />
			<Option compile="0" />
			<Option link="0" />
			<Option target="Win32 Release" />
			<Option target="Win32 Debug" />
			<Option target="Win32 Profile" />
		</Unit>
		<Unit filename="..\winlibs\SDL\src\audio\SDL_audiocvt.c">
			<Option compilerVar="CC" />
			<Option target="Win32 Release" />
			<Option target="Win32 Debug" />
			<Option target="Win32 Profile" />
		</Unit>
		<Unit filename="..\winlibs\SDL\src\audio\SDL_audiomem.h">
			<Option compilerVar="" />
			<Option compile="0" />
			<Option link="0" />
			<Option target="Win32 Release" />
			<Option target="Win32 Debug" />
			<Option target="Win32 Profile" />
		</Unit>
		<Unit filename="..\winlibs\SDL\src\audio\SDL_mixer.c">
			<Option compilerVar="CC" />
			<Option target="Win32 Release" />
			<Option target="Win32 Debug" />
			<Option target="Win32 Profile" />
		</Unit>
		<Unit filename="..\winlibs\SDL\src\audio\SDL_mixer_MMX.c">
			<Option compilerVar="CC" />
			<Option target="Win32 Release" />
			<Option target="Win32 Debug" />
			<Option target="Win32 Profile" />
		</Unit>
		<Unit filename="..\winlibs\SDL\src\audio\SDL_mixer_MMX.h">
			<Option compilerVar="CPP" />
			<Option compile="0" />
			<Option link="0" />
			<Option target="Win32 Release" />
			<Option target="Win32 Debug" />
			<Option target="Win32 Profile" />
		</Unit>
		<Unit filename="..\winlibs\SDL\src\audio\SDL_mixer_MMX_VC.c">
			<Option compilerVar="CC" />
			<Option target="Win32 Release" />
			<Option target="Win32 Debug" />
			<Option target="Win32 Profile" />
		</Unit>
		<Unit filename="..\winlibs\SDL\src\audio\SDL_mixer_MMX_VC.h">
			<Option compilerVar="CPP" />
			<Option compile="0" />
			<Option link="0" />
			<Option target="Win32 Release" />
			<Option target="Win32 Debug" />
			<Option target="Win32 Profile" />
		</Unit>
		<Unit filename="..\winlibs\SDL\src\audio\SDL_sysaudio.h">
			<Option compilerVar="" />
			<Option compile="0" />
			<Option link="0" />
			<Option target="Win32 Release" />
			<Option target="Win32 Debug" />
			<Option target="Win32 Profile" />
		</Unit>
		<Unit filename="..\winlibs\SDL\src\audio\SDL_wave.c">
			<Option compilerVar="CC" />
			<Option target="Win32 Release" />
			<Option target="Win32 Debug" />
			<Option target="Win32 Profile" />
		</Unit>
		<Unit filename="..\winlibs\SDL\src\audio\SDL_wave.h">
			<Option compilerVar="" />
			<Option compile="0" />
			<Option link="0" />
			<Option target="Win32 Release" />
			<Option target="Win32 Debug" />
			<Option target="Win32 Profile" />
		</Unit>
		<Unit filename="..\winlibs\SDL\src\audio\disk\SDL_diskaudio.c">
			<Option compilerVar="CC" />
			<Option target="Win32 Release" />
			<Option target="Win32 Debug" />
			<Option target="Win32 Profile" />
		</Unit>
		<Unit filename="..\winlibs\SDL\src\audio\disk\SDL_diskaudio.h">
			<Option compilerVar="CPP" />
			<Option compile="0" />
			<Option link="0" />
			<Option target="Win32 Release" />
			<Option target="Win32 Debug" />
			<Option target="Win32 Profile" />
		</Unit>
		<Unit filename="..\winlibs\SDL\src\audio\dummy\SDL_dummyaudio.c">
			<Option compilerVar="CC" />
			<Option target="Win32 Release" />
			<Option target="Win32 Debug" />
			<Option target="Win32 Profile" />
		</Unit>
		<Unit filename="..\winlibs\SDL\src\audio\dummy\SDL_dummyaudio.h">
			<Option compilerVar="CPP" />
			<Option compile="0" />
			<Option link="0" />
			<Option target="Win32 Release" />
			<Option target="Win32 Debug" />
			<Option target="Win32 Profile" />
		</Unit>
		<Unit filename="..\winlibs\SDL\src\audio\windib\SDL_dibaudio.c">
			<Option compilerVar="CC" />
			<Option target="Win32 Release" />
			<Option target="Win32 Debug" />
			<Option target="Win32 Profile" />
		</Unit>
		<Unit filename="..\winlibs\SDL\src\audio\windib\SDL_dibaudio.h">
			<Option compilerVar="" />
			<Option compile="0" />
			<Option link="0" />
			<Option target="Win32 Release" />
			<Option target="Win32 Debug" />
			<Option target="Win32 Profile" />
		</Unit>
		<Unit filename="..\winlibs\SDL\src\audio\windx5\SDL_dx5audio.c">
			<Option compilerVar="CC" />
			<Option target="Win32 Release" />
			<Option target="Win32 Debug" />
			<Option target="Win32 Profile" />
		</Unit>
		<Unit filename="..\winlibs\SDL\src\audio\windx5\SDL_dx5audio.h">
			<Option compilerVar="" />
			<Option compile="0" />
			<Option link="0" />
			<Option target="Win32 Release" />
			<Option target="Win32 Debug" />
			<Option target="Win32 Profile" />
		</Unit>
		<Unit filename="..\winlibs\SDL\src\cdrom\SDL_cdrom.c">
			<Option compilerVar="CC" />
			<Option target="Win32 Release" />
			<Option target="Win32 Debug" />
			<Option target="Win32 Profile" />
		</Unit>
		<Unit filename="..\winlibs\SDL\src\cdrom\SDL_syscdrom.h">
			<Option compilerVar="" />
			<Option compile="0" />
			<Option link="0" />
			<Option target="Win32 Release" />
			<Option target="Win32 Debug" />
			<Option target="Win32 Profile" />
		</Unit>
		<Unit filename="..\winlibs\SDL\src\cdrom\win32\SDL_syscdrom.c">
			<Option compilerVar="CC" />
			<Option target="Win32 Release" />
			<Option target="Win32 Debug" />
			<Option target="Win32 Profile" />
		</Unit>
		<Unit filename="..\winlibs\SDL\src\cpuinfo\SDL_cpuinfo.c">
			<Option compilerVar="CC" />
			<Option target="Win32 Release" />
			<Option target="Win32 Debug" />
			<Option target="Win32 Profile" />
		</Unit>
		<Unit filename="..\winlibs\SDL\src\events\SDL_active.c">
			<Option compilerVar="CC" />
			<Option target="Win32 Release" />
			<Option target="Win32 Debug" />
			<Option target="Win32 Profile" />
		</Unit>
		<Unit filename="..\winlibs\SDL\src\events\SDL_events.c">
			<Option compilerVar="CC" />
			<Option target="Win32 Release" />
			<Option target="Win32 Debug" />
			<Option target="Win32 Profile" />
		</Unit>
		<Unit filename="..\winlibs\SDL\src\events\SDL_events_c.h">
			<Option compilerVar="" />
			<Option compile="0" />
			<Option link="0" />
			<Option target="Win32 Release" />
			<Option target="Win32 Debug" />
			<Option target="Win32 Profile" />
		</Unit>
		<Unit filename="..\winlibs\SDL\src\events\SDL_expose.c">
			<Option compilerVar="CC" />
			<Option target="Win32 Release" />
			<Option target="Win32 Debug" />
			<Option target="Win32 Profile" />
		</Unit>
		<Unit filename="..\winlibs\SDL\src\events\SDL_keyboard.c">
			<Option compilerVar="CC" />
			<Option target="Win32 Release" />
			<Option target="Win32 Debug" />
			<Option target="Win32 Profile" />
		</Unit>
		<Unit filename="..\winlibs\SDL\src\events\SDL_mouse.c">
			<Option compilerVar="CC" />
			<Option target="Win32 Release" />
			<Option target="Win32 Debug" />
			<Option target="Win32 Profile" />
		</Unit>
		<Unit filename="..\winlibs\SDL\src\events\SDL_quit.c">
			<Option compilerVar="CC" />
			<Option target="Win32 Release" />
			<Option target="Win32 Debug" />
			<Option target="Win32 Profile" />
		</Unit>
		<Unit filename="..\winlibs\SDL\src\events\SDL_resize.c">
			<Option compilerVar="CC" />
			<Option target="Win32 Release" />
			<Option target="Win32 Debug" />
			<Option target="Win32 Profile" />
		</Unit>
		<Unit filename="..\winlibs\SDL\src\events\SDL_sysevents.h">
			<Option compilerVar="" />
			<Option compile="0" />
			<Option link="0" />
			<Option target="Win32 Release" />
			<Option target="Win32 Debug" />
			<Option target="Win32 Profile" />
		</Unit>
		<Unit filename="..\winlibs\SDL\src\file\SDL_rwops.c">
			<Option compilerVar="CC" />
			<Option target="Win32 Release" />
			<Option target="Win32 Debug" />
			<Option target="Win32 Profile" />
		</Unit>
		<Unit filename="..\winlibs\SDL\src\joystick\SDL_joystick.c">
			<Option compilerVar="CC" />
			<Option target="Win32 Release" />
			<Option target="Win32 Debug" />
			<Option target="Win32 Profile" />
		</Unit>
		<Unit filename="..\winlibs\SDL\src\joystick\SDL_joystick_c.h">
			<Option compilerVar="" />
			<Option compile="0" />
			<Option link="0" />
			<Option target="Win32 Release" />
			<Option target="Win32 Debug" />
			<Option target="Win32 Profile" />
		</Unit>
		<Unit filename="..\winlibs\SDL\src\joystick\SDL_sysjoystick.h">
			<Option compilerVar="" />
			<Option compile="0" />
			<Option link="0" />
			<Option target="Win32 Release" />
			<Option target="Win32 Debug" />
			<Option target="Win32 Profile" />
		</Unit>
		<Unit filename="..\winlibs\SDL\src\joystick\dummy\SDL_sysjoystick.c">
			<Option compilerVar="CC" />
			<Option target="Win32 Release" />
			<Option target="Win32 Debug" />
			<Option target="Win32 Profile" />
		</Unit>
		<Unit filename="..\winlibs\SDL\src\joystick\win32\SDL_mmjoystick.c">
			<Option compilerVar="CC" />
			<Option target="Win32 Release" />
			<Option target="Win32 Debug" />
			<Option target="Win32 Profile" />
		</Unit>
		<Unit filename="..\winlibs\SDL\src\loadso\win32\SDL_sysloadso.c">
			<Option compilerVar="CC" />
			<Option target="Win32 Release" />
			<Option target="Win32 Debug" />
			<Option target="Win32 Profile" />
		</Unit>
		<Unit filename="..\winlibs\SDL\src\stdlib\SDL_getenv.c">
			<Option compilerVar="CC" />
			<Option target="Win32 Release" />
			<Option target="Win32 Debug" />
			<Option target="Win32 Profile" />
		</Unit>
		<Unit filename="..\winlibs\SDL\src\stdlib\SDL_iconv.c">
			<Option compilerVar="CC" />
			<Option target="Win32 Release" />
			<Option target="Win32 Debug" />
			<Option target="Win32 Profile" />
		</Unit>
		<Unit filename="..\winlibs\SDL\src\stdlib\SDL_malloc.c">
			<Option compilerVar="CC" />
			<Option target="Win32 Release" />
			<Option target="Win32 Debug" />
			<Option target="Win32 Profile" />
		</Unit>
		<Unit filename="..\winlibs\SDL\src\stdlib\SDL_qsort.c">
			<Option compilerVar="CC" />
			<Option target="Win32 Release" />
			<Option target="Win32 Debug" />
			<Option target="Win32 Profile" />
		</Unit>
		<Unit filename="..\winlibs\SDL\src\stdlib\SDL_stdlib.c">
			<Option compilerVar="CC" />
			<Option target="Win32 Release" />
			<Option target="Win32 Debug" />
			<Option target="Win32 Profile" />
		</Unit>
		<Unit filename="..\winlibs\SDL\src\stdlib\SDL_string.c">
			<Option compilerVar="CC" />
			<Option target="Win32 Release" />
			<Option target="Win32 Debug" />
			<Option target="Win32 Profile" />
		</Unit>
		<Unit filename="..\winlibs\SDL\src\thread\SDL_systhread.h">
			<Option compilerVar="" />
			<Option compile="0" />
			<Option link="0" />
			<Option target="Win32 Release" />
			<Option target="Win32 Debug" />
			<Option target="Win32 Profile" />
		</Unit>
		<Unit filename="..\winlibs\SDL\src\thread\SDL_thread.c">
			<Option compilerVar="CC" />
			<Option target="Win32 Release" />
			<Option target="Win32 Debug" />
			<Option target="Win32 Profile" />
		</Unit>
		<Unit filename="..\winlibs\SDL\src\thread\SDL_thread_c.h">
			<Option compilerVar="" />
			<Option compile="0" />
			<Option link="0" />
			<Option target="Win32 Release" />
			<Option target="Win32 Debug" />
			<Option target="Win32 Profile" />
		</Unit>
		<Unit filename="..\winlibs\SDL\src\thread\generic\SDL_syscond.c">
			<Option compilerVar="CC" />
			<Option target="Win32 Release" />
			<Option target="Win32 Debug" />
			<Option target="Win32 Profile" />
		</Unit>
		<Unit filename="..\winlibs\SDL\src\thread\win32\SDL_sysmutex.c">
			<Option compilerVar="CC" />
			<Option target="Win32 Release" />
			<Option target="Win32 Debug" />
			<Option target="Win32 Profile" />
		</Unit>
		<Unit filename="..\winlibs\SDL\src\thread\win32\SDL_syssem.c">
			<Option compilerVar="CC" />
			<Option target="Win32 Release" />
			<Option target="Win32 Debug" />
			<Option target="Win32 Profile" />
		</Unit>
		<Unit filename="..\winlibs\SDL\src\thread\win32\SDL_systhread.c">
			<Option compilerVar="CC" />
			<Option target="Win32 Release" />
			<Option target="Win32 Debug" />
			<Option target="Win32 Profile" />
		</Unit>
		<Unit filename="..\winlibs\SDL\src\thread\win32\SDL_systhread_c.h">
			<Option compilerVar="" />
			<Option compile="0" />
			<Option link="0" />
			<Option target="Win32 Release" />
			<Option target="Win32 Debug" />
			<Option target="Win32 Profile" />
		</Unit>
		<Unit filename="..\winlibs\SDL\src\timer\SDL_systimer.h">
			<Option compilerVar="" />
			<Option compile="0" />
			<Option link="0" />
			<Option target="Win32 Release" />
			<Option target="Win32 Debug" />
			<Option target="Win32 Profile" />
		</Unit>
		<Unit filename="..\winlibs\SDL\src\timer\SDL_timer.c">
			<Option compilerVar="CC" />
			<Option target="Win32 Release" />
			<Option target="Win32 Debug" />
			<Option target="Win32 Profile" />
		</Unit>
		<Unit filename="..\winlibs\SDL\src\timer\SDL_timer_c.h">
			<Option compilerVar="" />
			<Option compile="0" />
			<Option link="0" />
			<Option target="Win32 Release" />
			<Option target="Win32 Debug" />
			<Option target="Win32 Profile" />
		</Unit>
		<Unit filename="..\winlibs\SDL\src\timer\win32\SDL_systimer.c">
			<Option compilerVar="CC" />
			<Option target="Win32 Release" />
			<Option target="Win32 Debug" />
			<Option target="Win32 Profile" />
		</Unit>
		<Unit filename="..\winlibs\SDL\src\video\SDL_RLEaccel.c">
			<Option compilerVar="CC" />
			<Option target="Win32 Release" />
			<Option target="Win32 Debug" />
			<Option target="Win32 Profile" />
		</Unit>
		<Unit filename="..\winlibs\SDL\src\video\SDL_RLEaccel_c.h">
			<Option compilerVar="" />
			<Option compile="0" />
			<Option link="0" />
			<Option target="Win32 Release" />
			<Option target="Win32 Debug" />
			<Option target="Win32 Profile" />
		</Unit>
		<Unit filename="..\winlibs\SDL\src\video\SDL_blit.c">
			<Option compilerVar="CC" />
			<Option target="Win32 Release" />
			<Option target="Win32 Debug" />
			<Option target="Win32 Profile" />
		</Unit>
		<Unit filename="..\winlibs\SDL\src\video\SDL_blit.h">
			<Option compilerVar="" />
			<Option compile="0" />
			<Option link="0" />
			<Option target="Win32 Release" />
			<Option target="Win32 Debug" />
			<Option target="Win32 Profile" />
		</Unit>
		<Unit filename="..\winlibs\SDL\src\video\SDL_blit_0.c">
			<Option compilerVar="CC" />
			<Option target="Win32 Release" />
			<Option target="Win32 Debug" />
			<Option target="Win32 Profile" />
		</Unit>
		<Unit filename="..\winlibs\SDL\src\video\SDL_blit_1.c">
			<Option compilerVar="CC" />
			<Option target="Win32 Release" />
			<Option target="Win32 Debug" />
			<Option target="Win32 Profile" />
		</Unit>
		<Unit filename="..\winlibs\SDL\src\video\SDL_blit_A.c">
			<Option compilerVar="CC" />
			<Option target="Win32 Release" />
			<Option target="Win32 Debug" />
			<Option target="Win32 Profile" />
		</Unit>
		<Unit filename="..\winlibs\SDL\src\video\SDL_blit_N.c">
			<Option compilerVar="CC" />
			<Option target="Win32 Release" />
			<Option target="Win32 Debug" />
			<Option target="Win32 Profile" />
		</Unit>
		<Unit filename="..\winlibs\SDL\src\video\SDL_bmp.c">
			<Option compilerVar="CC" />
			<Option target="Win32 Release" />
			<Option target="Win32 Debug" />
			<Option target="Win32 Profile" />
		</Unit>
		<Unit filename="..\winlibs\SDL\src\video\SDL_cursor.c">
			<Option compilerVar="CC" />
			<Option target="Win32 Release" />
			<Option target="Win32 Debug" />
			<Option target="Win32 Profile" />
		</Unit>
		<Unit filename="..\winlibs\SDL\src\video\SDL_cursor_c.h">
			<Option compilerVar="" />
			<Option compile="0" />
			<Option link="0" />
			<Option target="Win32 Release" />
			<Option target="Win32 Debug" />
			<Option target="Win32 Profile" />
		</Unit>
		<Unit filename="..\winlibs\SDL\src\video\SDL_gamma.c">
			<Option compilerVar="CC" />
			<Option target="Win32 Release" />
			<Option target="Win32 Debug" />
			<Option target="Win32 Profile" />
		</Unit>
		<Unit filename="..\winlibs\SDL\src\video\SDL_leaks.h">
			<Option compilerVar="" />
			<Option compile="0" />
			<Option link="0" />
			<Option target="Win32 Release" />
			<Option target="Win32 Debug" />
			<Option target="Win32 Profile" />
		</Unit>
		<Unit filename="..\winlibs\SDL\src\video\SDL_pixels.c">
			<Option compilerVar="CC" />
			<Option target="Win32 Release" />
			<Option target="Win32 Debug" />
			<Option target="Win32 Profile" />
		</Unit>
		<Unit filename="..\winlibs\SDL\src\video\SDL_pixels_c.h">
			<Option compilerVar="" />
			<Option compile="0" />
			<Option link="0" />
			<Option target="Win32 Release" />
			<Option target="Win32 Debug" />
			<Option target="Win32 Profile" />
		</Unit>
		<Unit filename="..\winlibs\SDL\src\video\SDL_stretch.c">
			<Option compilerVar="CC" />
			<Option target="Win32 Release" />
			<Option target="Win32 Debug" />
			<Option target="Win32 Profile" />
		</Unit>
		<Unit filename="..\winlibs\SDL\src\video\SDL_stretch_c.h">
			<Option compilerVar="" />
			<Option compile="0" />
			<Option link="0" />
			<Option target="Win32 Release" />
			<Option target="Win32 Debug" />
			<Option target="Win32 Profile" />
		</Unit>
		<Unit filename="..\winlibs\SDL\src\video\SDL_surface.c">
			<Option compilerVar="CC" />
			<Option target="Win32 Release" />
			<Option target="Win32 Debug" />
			<Option target="Win32 Profile" />
		</Unit>
		<Unit filename="..\winlibs\SDL\src\video\SDL_sysvideo.h">
			<Option compilerVar="" />
			<Option compile="0" />
			<Option link="0" />
			<Option target="Win32 Release" />
			<Option target="Win32 Debug" />
			<Option target="Win32 Profile" />
		</Unit>
		<Unit filename="..\winlibs\SDL\src\video\SDL_video.c">
			<Option compilerVar="CC" />
			<Option target="Win32 Release" />
			<Option target="Win32 Debug" />
			<Option target="Win32 Profile" />
		</Unit>
		<Unit filename="..\winlibs\SDL\src\video\SDL_yuv.c">
			<Option compilerVar="CC" />
			<Option target="Win32 Release" />
			<Option target="Win32 Debug" />
			<Option target="Win32 Profile" />
		</Unit>
		<Unit filename="..\winlibs\SDL\src\video\SDL_yuv_sw.c">
			<Option compilerVar="CC" />
			<Option target="Win32 Release" />
			<Option target="Win32 Debug" />
			<Option target="Win32 Profile" />
		</Unit>
		<Unit filename="..\winlibs\SDL\src\video\SDL_yuv_sw_c.h">
			<Option compilerVar="" />
			<Option compile="0" />
			<Option link="0" />
			<Option target="Win32 Release" />
			<Option target="Win32 Debug" />
			<Option target="Win32 Profile" />
		</Unit>
		<Unit filename="..\winlibs\SDL\src\video\SDL_yuvfuncs.h">
			<Option compilerVar="" />
			<Option compile="0" />
			<Option link="0" />
			<Option target="Win32 Release" />
			<Option target="Win32 Debug" />
			<Option target="Win32 Profile" />
		</Unit>
		<Unit filename="..\winlibs\SDL\src\video\blank_cursor.h">
			<Option compilerVar="" />
			<Option compile="0" />
			<Option link="0" />
			<Option target="Win32 Release" />
			<Option target="Win32 Debug" />
			<Option target="Win32 Profile" />
		</Unit>
		<Unit filename="..\winlibs\SDL\src\video\default_cursor.h">
			<Option compilerVar="" />
			<Option compile="0" />
			<Option link="0" />
			<Option target="Win32 Release" />
			<Option target="Win32 Debug" />
			<Option target="Win32 Profile" />
		</Unit>
		<Unit filename="..\winlibs\SDL\src\video\dummy\SDL_nullevents.c">
			<Option compilerVar="CC" />
			<Option target="Win32 Release" />
			<Option target="Win32 Debug" />
			<Option target="Win32 Profile" />
		</Unit>
		<Unit filename="..\winlibs\SDL\src\video\dummy\SDL_nullevents_c.h">
			<Option compilerVar="CPP" />
			<Option compile="0" />
			<Option link="0" />
			<Option target="Win32 Release" />
			<Option target="Win32 Debug" />
			<Option target="Win32 Profile" />
		</Unit>
		<Unit filename="..\winlibs\SDL\src\video\dummy\SDL_nullmouse.c">
			<Option compilerVar="CC" />
			<Option target="Win32 Release" />
			<Option target="Win32 Debug" />
			<Option target="Win32 Profile" />
		</Unit>
		<Unit filename="..\winlibs\SDL\src\video\dummy\SDL_nullmouse_c.h">
			<Option compilerVar="CPP" />
			<Option compile="0" />
			<Option link="0" />
			<Option target="Win32 Release" />
			<Option target="Win32 Debug" />
			<Option target="Win32 Profile" />
		</Unit>
		<Unit filename="..\winlibs\SDL\src\video\dummy\SDL_nullvideo.c">
			<Option compilerVar="CC" />
			<Option target="Win32 Release" />
			<Option target="Win32 Debug" />
			<Option target="Win32 Profile" />
		</Unit>
		<Unit filename="..\winlibs\SDL\src\video\dummy\SDL_nullvideo.h">
			<Option compilerVar="CPP" />
			<Option compile="0" />
			<Option link="0" />
			<Option target="Win32 Release" />
			<Option target="Win32 Debug" />
			<Option target="Win32 Profile" />
		</Unit>
		<Unit filename="..\winlibs\SDL\src\video\wincommon\SDL_lowvideo.h">
			<Option compilerVar="" />
			<Option compile="0" />
			<Option link="0" />
			<Option target="Win32 Release" />
			<Option target="Win32 Debug" />
			<Option target="Win32 Profile" />
		</Unit>
		<Unit filename="..\winlibs\SDL\src\video\wincommon\SDL_sysevents.c">
			<Option compilerVar="CC" />
			<Option target="Win32 Release" />
			<Option target="Win32 Debug" />
			<Option target="Win32 Profile" />
		</Unit>
		<Unit filename="..\winlibs\SDL\src\video\wincommon\SDL_sysmouse.c">
			<Option compilerVar="CC" />
			<Option target="Win32 Release" />
			<Option target="Win32 Debug" />
			<Option target="Win32 Profile" />
		</Unit>
		<Unit filename="..\winlibs\SDL\src\video\wincommon\SDL_sysmouse_c.h">
			<Option compilerVar="" />
			<Option compile="0" />
			<Option link="0" />
			<Option target="Win32 Release" />
			<Option target="Win32 Debug" />
			<Option target="Win32 Profile" />
		</Unit>
		<Unit filename="..\winlibs\SDL\src\video\wincommon\SDL_syswm.c">
			<Option compilerVar="CC" />
			<Option target="Win32 Release" />
			<Option target="Win32 Debug" />
			<Option target="Win32 Profile" />
		</Unit>
		<Unit filename="..\winlibs\SDL\src\video\wincommon\SDL_syswm_c.h">
			<Option compilerVar="" />
			<Option compile="0" />
			<Option link="0" />
			<Option target="Win32 Release" />
			<Option target="Win32 Debug" />
			<Option target="Win32 Profile" />
		</Unit>
		<Unit filename="..\winlibs\SDL\src\video\wincommon\SDL_wingl.c">
			<Option compilerVar="CC" />
			<Option target="Win32 Release" />
			<Option target="Win32 Debug" />
			<Option target="Win32 Profile" />
		</Unit>
		<Unit filename="..\winlibs\SDL\src\video\wincommon\SDL_wingl_c.h">
			<Option compilerVar="" />
			<Option compile="0" />
			<Option link="0" />
			<Option target="Win32 Release" />
			<Option target="Win32 Debug" />
			<Option target="Win32 Profile" />
		</Unit>
		<Unit filename="..\winlibs\SDL\src\video\wincommon\wmmsg.h">
			<Option compilerVar="" />
			<Option compile="0" />
			<Option link="0" />
			<Option target="Win32 Release" />
			<Option target="Win32 Debug" />
			<Option target="Win32 Profile" />
		</Unit>
		<Unit filename="..\winlibs\SDL\src\video\windib\SDL_dibevents.c">
			<Option compilerVar="CC" />
			<Option target="Win32 Release" />
			<Option target="Win32 Debug" />
			<Option target="Win32 Profile" />
		</Unit>
		<Unit filename="..\winlibs\SDL\src\video\windib\SDL_dibevents_c.h">
			<Option compilerVar="" />
			<Option compile="0" />
			<Option link="0" />
			<Option target="Win32 Release" />
			<Option target="Win32 Debug" />
			<Option target="Win32 Profile" />
		</Unit>
		<Unit filename="..\winlibs\SDL\src\video\windib\SDL_dibvideo.c">
			<Option compilerVar="CC" />
			<Option target="Win32 Release" />
			<Option target="Win32 Debug" />
			<Option target="Win32 Profile" />
		</Unit>
		<Unit filename="..\winlibs\SDL\src\video\windib\SDL_dibvideo.h">
			<Option compilerVar="" />
			<Option compile="0" />
			<Option link="0" />
			<Option target="Win32 Release" />
			<Option target="Win32 Debug" />
			<Option target="Win32 Profile" />
		</Unit>
		<Unit filename="..\winlibs\SDL\src\video\windib\SDL_vkeys.h">
			<Option compilerVar="" />
			<Option compile="0" />
			<Option link="0" />
			<Option target="Win32 Release" />
			<Option target="Win32 Debug" />
			<Option target="Win32 Profile" />
		</Unit>
		<Unit filename="..\winlibs\SDL\src\video\windx5\SDL_dx5events.c">
			<Option compilerVar="CC" />
			<Option target="Win32 Release" />
			<Option target="Win32 Debug" />
			<Option target="Win32 Profile" />
		</Unit>
		<Unit filename="..\winlibs\SDL\src\video\windx5\SDL_dx5events_c.h">
			<Option compilerVar="" />
			<Option compile="0" />
			<Option link="0" />
			<Option target="Win32 Release" />
			<Option target="Win32 Debug" />
			<Option target="Win32 Profile" />
		</Unit>
		<Unit filename="..\winlibs\SDL\src\video\windx5\SDL_dx5video.c">
			<Option compilerVar="CC" />
			<Option target="Win32 Release" />
			<Option target="Win32 Debug" />
			<Option target="Win32 Profile" />
		</Unit>
		<Unit filename="..\winlibs\SDL\src\video\windx5\SDL_dx5video.h">
			<Option compilerVar="" />
			<Option compile="0" />
			<Option link="0" />
			<Option target="Win32 Release" />
			<Option target="Win32 Debug" />
			<Option target="Win32 Profile" />
		</Unit>
		<Unit filename="..\winlibs\SDL\src\video\windx5\SDL_dx5yuv.c">
			<Option compilerVar="CC" />
			<Option target="Win32 Release" />
			<Option target="Win32 Debug" />
			<Option target="Win32 Profile" />
		</Unit>
		<Unit filename="..\winlibs\SDL\src\video\windx5\SDL_dx5yuv_c.h">
			<Option compilerVar="" />
			<Option compile="0" />
			<Option link="0" />
			<Option target="Win32 Release" />
			<Option target="Win32 Debug" />
			<Option target="Win32 Profile" />
		</Unit>
		<Unit filename="..\winlibs\SDL\src\video\windx5\directx.h">
			<Option compilerVar="" />
			<Option compile="0" />
			<Option link="0" />
			<Option target="Win32 Release" />
			<Option target="Win32 Debug" />
			<Option target="Win32 Profile" />
		</Unit>
	</Project>
</CodeBlocks_project_file>