<?xml version="1.0"?>
<!DOCTYPE CodeBlocks_project_file>
<CodeBlocks_project_file>
	<FileVersion major="1" minor="1"/>
	<Project>
		<Option title="Dedicated"/>
		<Option makefile="Makefile"/>
		<Option makefile_is_custom="0"/>
		<Option compiler="0"/>
		<Build>
			<Target title="Win32 Release">
				<Option output="..\..\build\dist\armagetronad_dedicated.exe"/>
				<Option working_dir="..\..\build\dist\"/>
				<Option object_output="..\..\build\tmp\Armagetron_Dedicated___Win32_Release"/>
				<Option deps_output=".deps"/>
				<Option type="1"/>
				<Option compiler="0"/>
				<Option projectResourceIncludeDirsRelation="1"/>
				<Compiler>
					<Add option="-O2"/>
					<Add option="-W"/>
					<Add option="-DNDEBUG"/>
				</Compiler>
				<Linker>
					<Add option="-s"/>
				</Linker>
			</Target>
			<Target title="Win32 Debug">
				<Option output="..\..\build\debug\armagetronad_dedicated.exe"/>
				<Option working_dir="..\..\build\debug"/>
				<Option object_output="..\..\build\tmp\Armagetron_Dedicated___Win32_Debug"/>
				<Option deps_output=".deps"/>
				<Option type="1"/>
				<Option compiler="0"/>
				<Option projectResourceIncludeDirsRelation="1"/>
				<Compiler>
					<Add option="-W"/>
					<Add option="-g"/>
					<Add option="-D_DEBUG"/>
					<Add option="-DDEBUG"/>
				</Compiler>
			</Target>
			<Target title="Win32 Profile">
				<Option output="..\..\build\profile\armagetronad_dedicated.exe"/>
				<Option working_dir="..\..\build\profile"/>
				<Option object_output="..\..\build\tmp\Armagetron_Dedicated___Win32_Profile"/>
				<Option deps_output=".deps"/>
				<Option type="1"/>
				<Option compiler="0"/>
				<Option includeInTargetAll="0"/>
				<Option projectResourceIncludeDirsRelation="1"/>
				<Compiler>
					<Add option="-O2"/>
					<Add option="-W"/>
					<Add option="-g"/>
					<Add option="-DNDEBUG"/>
					<Add option="-DDEBUG"/>
				</Compiler>
			</Target>
		</Build>
		<Compiler>
			<Add option="-fexceptions"/>
			<Add option="-DWIN32"/>
			<Add option="-D_CONSOLE"/>
			<Add option="-D_MBCS"/>
			<Add option="-DEMBEDDED"/>
			<Add option="-DDONTUSEMEMMANAGER"/>
			<Add option="-DNO_SOCKLEN_T"/>
			<Add directory="..\..\src"/>
			<Add directory="..\..\src\engine"/>
			<Add directory="..\..\src\engine\sound"/>
			<Add directory="..\..\src\network"/>
			<Add directory="..\..\src\render"/>
			<Add directory="..\..\src\tools"/>
			<Add directory="..\..\src\ui"/>
			<Add directory="..\..\src\tron"/>
			<Add directory="..\..\src\tron\cockpit"/>
			<Add directory="..\..\src\tron\zones"/>
			<Add directory="..\..\src\thirdparty\shttpd"/>
			<Add directory="..\..\src\thirdparty\particles"/>
			<Add directory="..\..\src\win32_ded"/>
			<Add directory="..\..\..\winlibs\libxml2\include"/>
			<Add directory="..\..\..\winlibs\iconv\include"/>
			<Add directory="..\..\..\winlibs\boost\includes"/>
		</Compiler>
		<Linker>
			<Add library="libwsock32.a"/>
			<Add library="..\..\..\winlibs\libxml2\lib\libxml2.lib"/>
		</Linker>
		<Unit filename="..\..\src\engine\eAdvWall.cpp">
			<Option compilerVar="CPP"/>
			<Option target="Win32 Release"/>
			<Option target="Win32 Debug"/>
			<Option target="Win32 Profile"/>
		</Unit>
		<Unit filename="..\..\src\engine\eAdvWall.h">
			<Option compilerVar=""/>
			<Option compile="0"/>
			<Option link="0"/>
			<Option target="Win32 Release"/>
			<Option target="Win32 Debug"/>
			<Option target="Win32 Profile"/>
		</Unit>
		<Unit filename="..\..\src\engine\eAuthentification.cpp">
			<Option compilerVar="CPP"/>
			<Option target="Win32 Release"/>
			<Option target="Win32 Debug"/>
			<Option target="Win32 Profile"/>
		</Unit>
		<Unit filename="..\..\src\engine\eAuthentification.h">
			<Option compilerVar=""/>
			<Option compile="0"/>
			<Option link="0"/>
			<Option target="Win32 Release"/>
			<Option target="Win32 Debug"/>
			<Option target="Win32 Profile"/>
		</Unit>
		<Unit filename="..\..\src\engine\eAxis.cpp">
			<Option compilerVar="CPP"/>
			<Option target="Win32 Release"/>
			<Option target="Win32 Debug"/>
			<Option target="Win32 Profile"/>
		</Unit>
		<Unit filename="..\..\src\engine\eAxis.h">
			<Option compilerVar=""/>
			<Option compile="0"/>
			<Option link="0"/>
			<Option target="Win32 Release"/>
			<Option target="Win32 Debug"/>
			<Option target="Win32 Profile"/>
		</Unit>
		<Unit filename="..\..\src\engine\eCamera.cpp">
			<Option compilerVar="CPP"/>
			<Option target="Win32 Release"/>
			<Option target="Win32 Debug"/>
			<Option target="Win32 Profile"/>
		</Unit>
		<Unit filename="..\..\src\engine\eCamera.h">
			<Option compilerVar=""/>
			<Option compile="0"/>
			<Option link="0"/>
			<Option target="Win32 Release"/>
			<Option target="Win32 Debug"/>
			<Option target="Win32 Profile"/>
		</Unit>
		<Unit filename="..\..\src\engine\eCoord.h">
			<Option compilerVar=""/>
			<Option compile="0"/>
			<Option link="0"/>
			<Option target="Win32 Release"/>
			<Option target="Win32 Debug"/>
			<Option target="Win32 Profile"/>
		</Unit>
		<Unit filename="..\..\src\engine\eDebugLine.cpp">
			<Option compilerVar="CPP"/>
			<Option target="Win32 Release"/>
			<Option target="Win32 Debug"/>
			<Option target="Win32 Profile"/>
		</Unit>
		<Unit filename="..\..\src\engine\eDebugLine.h">
			<Option compilerVar=""/>
			<Option compile="0"/>
			<Option link="0"/>
			<Option target="Win32 Release"/>
			<Option target="Win32 Debug"/>
			<Option target="Win32 Profile"/>
		</Unit>
		<Unit filename="..\..\src\engine\eDisplay.cpp">
			<Option compilerVar="CPP"/>
			<Option target="Win32 Release"/>
			<Option target="Win32 Debug"/>
			<Option target="Win32 Profile"/>
		</Unit>
		<Unit filename="..\..\src\engine\eEventNotification.cpp">
			<Option compilerVar="CPP"/>
			<Option target="Win32 Release"/>
			<Option target="Win32 Debug"/>
			<Option target="Win32 Profile"/>
		</Unit>
		<Unit filename="..\..\src\engine\eEventNotification.h">
			<Option compilerVar=""/>
			<Option compile="0"/>
			<Option link="0"/>
			<Option target="Win32 Release"/>
			<Option target="Win32 Debug"/>
			<Option target="Win32 Profile"/>
		</Unit>
		<Unit filename="..\..\src\engine\eFloor.cpp">
			<Option compilerVar="CPP"/>
			<Option target="Win32 Release"/>
			<Option target="Win32 Debug"/>
			<Option target="Win32 Profile"/>
		</Unit>
		<Unit filename="..\..\src\engine\eFloor.h">
			<Option compilerVar=""/>
			<Option compile="0"/>
			<Option link="0"/>
			<Option target="Win32 Release"/>
			<Option target="Win32 Debug"/>
			<Option target="Win32 Profile"/>
		</Unit>
		<Unit filename="..\..\src\engine\eGameObject.cpp">
			<Option compilerVar="CPP"/>
			<Option target="Win32 Release"/>
			<Option target="Win32 Debug"/>
			<Option target="Win32 Profile"/>
		</Unit>
		<Unit filename="..\..\src\engine\eGameObject.h">
			<Option compilerVar=""/>
			<Option compile="0"/>
			<Option link="0"/>
			<Option target="Win32 Release"/>
			<Option target="Win32 Debug"/>
			<Option target="Win32 Profile"/>
		</Unit>
		<Unit filename="..\..\src\engine\eGrid.cpp">
			<Option compilerVar="CPP"/>
			<Option target="Win32 Release"/>
			<Option target="Win32 Debug"/>
			<Option target="Win32 Profile"/>
		</Unit>
		<Unit filename="..\..\src\engine\eGrid.h">
			<Option compilerVar=""/>
			<Option compile="0"/>
			<Option link="0"/>
			<Option target="Win32 Release"/>
			<Option target="Win32 Debug"/>
			<Option target="Win32 Profile"/>
		</Unit>
		<Unit filename="..\..\src\engine\eKrawall.cpp">
			<Option compilerVar="CPP"/>
			<Option target="Win32 Release"/>
			<Option target="Win32 Debug"/>
			<Option target="Win32 Profile"/>
		</Unit>
		<Unit filename="..\..\src\engine\eKrawall.h">
			<Option compilerVar=""/>
			<Option compile="0"/>
			<Option link="0"/>
			<Option target="Win32 Release"/>
			<Option target="Win32 Debug"/>
			<Option target="Win32 Profile"/>
		</Unit>
		<Unit filename="..\..\src\engine\eLagCompensation.cpp">
			<Option compilerVar="CPP"/>
			<Option target="Win32 Release"/>
			<Option target="Win32 Debug"/>
			<Option target="Win32 Profile"/>
		</Unit>
		<Unit filename="..\..\src\engine\eLagCompensation.h">
			<Option compilerVar=""/>
			<Option compile="0"/>
			<Option link="0"/>
			<Option target="Win32 Release"/>
			<Option target="Win32 Debug"/>
			<Option target="Win32 Profile"/>
		</Unit>
		<Unit filename="..\..\src\engine\eNetGameObject.cpp">
			<Option compilerVar="CPP"/>
			<Option target="Win32 Release"/>
			<Option target="Win32 Debug"/>
			<Option target="Win32 Profile"/>
		</Unit>
		<Unit filename="..\..\src\engine\eNetGameObject.h">
			<Option compilerVar=""/>
			<Option compile="0"/>
			<Option link="0"/>
			<Option target="Win32 Release"/>
			<Option target="Win32 Debug"/>
			<Option target="Win32 Profile"/>
		</Unit>
		<Unit filename="..\..\src\engine\ePath.cpp">
			<Option compilerVar="CPP"/>
			<Option target="Win32 Release"/>
			<Option target="Win32 Debug"/>
			<Option target="Win32 Profile"/>
		</Unit>
		<Unit filename="..\..\src\engine\ePath.h">
			<Option compilerVar=""/>
			<Option compile="0"/>
			<Option link="0"/>
			<Option target="Win32 Release"/>
			<Option target="Win32 Debug"/>
			<Option target="Win32 Profile"/>
		</Unit>
		<Unit filename="..\..\src\engine\ePlayer.cpp">
			<Option compilerVar="CPP"/>
			<Option target="Win32 Release"/>
			<Option target="Win32 Debug"/>
			<Option target="Win32 Profile"/>
		</Unit>
		<Unit filename="..\..\src\engine\ePlayer.h">
			<Option compilerVar=""/>
			<Option compile="0"/>
			<Option link="0"/>
			<Option target="Win32 Release"/>
			<Option target="Win32 Debug"/>
			<Option target="Win32 Profile"/>
		</Unit>
		<Unit filename="..\..\src\engine\eRectangle.cpp">
			<Option compilerVar="CPP"/>
			<Option target="Win32 Release"/>
			<Option target="Win32 Debug"/>
			<Option target="Win32 Profile"/>
		</Unit>
		<Unit filename="..\..\src\engine\eRectangle.h">
			<Option compilerVar=""/>
			<Option compile="0"/>
			<Option link="0"/>
			<Option target="Win32 Release"/>
			<Option target="Win32 Debug"/>
			<Option target="Win32 Profile"/>
		</Unit>
		<Unit filename="..\..\src\engine\eSensor.cpp">
			<Option compilerVar="CPP"/>
			<Option target="Win32 Release"/>
			<Option target="Win32 Debug"/>
			<Option target="Win32 Profile"/>
		</Unit>
		<Unit filename="..\..\src\engine\eSensor.h">
			<Option compilerVar=""/>
			<Option compile="0"/>
			<Option link="0"/>
			<Option target="Win32 Release"/>
			<Option target="Win32 Debug"/>
			<Option target="Win32 Profile"/>
		</Unit>
		<Unit filename="..\..\src\engine\eSound.h">
			<Option compilerVar=""/>
			<Option compile="0"/>
			<Option link="0"/>
			<Option target="Win32 Release"/>
			<Option target="Win32 Debug"/>
			<Option target="Win32 Profile"/>
		</Unit>
		<Unit filename="..\..\src\engine\eSoundMixer.cpp">
			<Option compilerVar="CPP"/>
			<Option target="Win32 Release"/>
			<Option target="Win32 Debug"/>
			<Option target="Win32 Profile"/>
		</Unit>
		<Unit filename="..\..\src\engine\eSoundMixer.h">
			<Option compilerVar=""/>
			<Option compile="0"/>
			<Option link="0"/>
			<Option target="Win32 Release"/>
			<Option target="Win32 Debug"/>
			<Option target="Win32 Profile"/>
		</Unit>
		<Unit filename="..\..\src\engine\eTeam.cpp">
			<Option compilerVar="CPP"/>
			<Option target="Win32 Release"/>
			<Option target="Win32 Debug"/>
			<Option target="Win32 Profile"/>
		</Unit>
		<Unit filename="..\..\src\engine\eTeam.h">
			<Option compilerVar=""/>
			<Option compile="0"/>
			<Option link="0"/>
			<Option target="Win32 Release"/>
			<Option target="Win32 Debug"/>
			<Option target="Win32 Profile"/>
		</Unit>
		<Unit filename="..\..\src\engine\eTess2.h">
			<Option compilerVar=""/>
			<Option compile="0"/>
			<Option link="0"/>
			<Option target="Win32 Release"/>
			<Option target="Win32 Debug"/>
			<Option target="Win32 Profile"/>
		</Unit>
		<Unit filename="..\..\src\engine\eTimer.cpp">
			<Option compilerVar="CPP"/>
			<Option target="Win32 Release"/>
			<Option target="Win32 Debug"/>
			<Option target="Win32 Profile"/>
		</Unit>
		<Unit filename="..\..\src\engine\eTimer.h">
			<Option compilerVar=""/>
			<Option compile="0"/>
			<Option link="0"/>
			<Option target="Win32 Release"/>
			<Option target="Win32 Debug"/>
			<Option target="Win32 Profile"/>
		</Unit>
		<Unit filename="..\..\src\engine\eVoter.cpp">
			<Option compilerVar="CPP"/>
			<Option target="Win32 Release"/>
			<Option target="Win32 Debug"/>
			<Option target="Win32 Profile"/>
		</Unit>
		<Unit filename="..\..\src\engine\eVoter.h">
			<Option compilerVar=""/>
			<Option compile="0"/>
			<Option link="0"/>
			<Option target="Win32 Release"/>
			<Option target="Win32 Debug"/>
			<Option target="Win32 Profile"/>
		</Unit>
		<Unit filename="..\..\src\engine\eWall.cpp">
			<Option compilerVar="CPP"/>
			<Option target="Win32 Release"/>
			<Option target="Win32 Debug"/>
			<Option target="Win32 Profile"/>
		</Unit>
		<Unit filename="..\..\src\engine\eWall.h">
			<Option compilerVar=""/>
			<Option compile="0"/>
			<Option link="0"/>
			<Option target="Win32 Release"/>
			<Option target="Win32 Debug"/>
			<Option target="Win32 Profile"/>
		</Unit>
		<Unit filename="..\..\src\engine\sound\base\eChannel.h">
			<Option compilerVar="CPP"/>
			<Option compile="0"/>
			<Option link="0"/>
			<Option target="Win32 Release"/>
			<Option target="Win32 Debug"/>
			<Option target="Win32 Profile"/>
		</Unit>
		<Unit filename="..\..\src\engine\sound\sdl_mixer\eChannelSDLMixer.cpp">
			<Option compilerVar="CPP"/>
			<Option target="Win32 Release"/>
			<Option target="Win32 Debug"/>
			<Option target="Win32 Profile"/>
		</Unit>
		<Unit filename="..\..\src\engine\sound\sdl_mixer\eChannelSDLMixer.h">
			<Option compilerVar="CPP"/>
			<Option compile="0"/>
			<Option link="0"/>
			<Option target="Win32 Release"/>
			<Option target="Win32 Debug"/>
			<Option target="Win32 Profile"/>
		</Unit>
		<Unit filename="..\..\src\engine\sound\sdl_mixer\eMusicTrackSDLMixer.cpp">
			<Option compilerVar="CPP"/>
			<Option target="Win32 Release"/>
			<Option target="Win32 Debug"/>
			<Option target="Win32 Profile"/>
		</Unit>
		<Unit filename="..\..\src\engine\sound\sdl_mixer\eMusicTrackSDLMixer.h">
			<Option compilerVar="CPP"/>
			<Option compile="0"/>
			<Option link="0"/>
			<Option target="Win32 Release"/>
			<Option target="Win32 Debug"/>
			<Option target="Win32 Profile"/>
		</Unit>
		<Unit filename="..\..\src\network\md5.cpp">
			<Option compilerVar="CPP"/>
			<Option target="Win32 Release"/>
			<Option target="Win32 Debug"/>
			<Option target="Win32 Profile"/>
		</Unit>
		<Unit filename="..\..\src\network\md5.h">
			<Option compilerVar=""/>
			<Option compile="0"/>
			<Option link="0"/>
			<Option target="Win32 Release"/>
			<Option target="Win32 Debug"/>
			<Option target="Win32 Profile"/>
		</Unit>
		<Unit filename="..\..\src\network\nAuthentification.cpp">
			<Option compilerVar="CPP"/>
			<Option target="Win32 Release"/>
			<Option target="Win32 Debug"/>
			<Option target="Win32 Profile"/>
		</Unit>
		<Unit filename="..\..\src\network\nAuthentification.h">
			<Option compilerVar=""/>
			<Option compile="0"/>
			<Option link="0"/>
			<Option target="Win32 Release"/>
			<Option target="Win32 Debug"/>
			<Option target="Win32 Profile"/>
		</Unit>
		<Unit filename="..\..\src\network\nConfig.cpp">
			<Option compilerVar="CPP"/>
			<Option target="Win32 Release"/>
			<Option target="Win32 Debug"/>
			<Option target="Win32 Profile"/>
		</Unit>
		<Unit filename="..\..\src\network\nConfig.h">
			<Option compilerVar=""/>
			<Option compile="0"/>
			<Option link="0"/>
			<Option target="Win32 Release"/>
			<Option target="Win32 Debug"/>
			<Option target="Win32 Profile"/>
		</Unit>
		<Unit filename="..\..\src\network\nKrawall.cpp">
			<Option compilerVar="CPP"/>
			<Option target="Win32 Release"/>
			<Option target="Win32 Debug"/>
			<Option target="Win32 Profile"/>
		</Unit>
		<Unit filename="..\..\src\network\nKrawall.h">
			<Option compilerVar=""/>
			<Option compile="0"/>
			<Option link="0"/>
			<Option target="Win32 Release"/>
			<Option target="Win32 Debug"/>
			<Option target="Win32 Profile"/>
		</Unit>
		<Unit filename="..\..\src\network\nKrawallPrivate.cpp">
			<Option compilerVar="CPP"/>
			<Option target="Win32 Release"/>
			<Option target="Win32 Debug"/>
			<Option target="Win32 Profile"/>
		</Unit>
		<Unit filename="..\..\src\network\nNetObject.cpp">
			<Option compilerVar="CPP"/>
			<Option target="Win32 Release"/>
			<Option target="Win32 Debug"/>
			<Option target="Win32 Profile"/>
		</Unit>
		<Unit filename="..\..\src\network\nNetObject.h">
			<Option compilerVar=""/>
			<Option compile="0"/>
			<Option link="0"/>
			<Option target="Win32 Release"/>
			<Option target="Win32 Debug"/>
			<Option target="Win32 Profile"/>
		</Unit>
		<Unit filename="..\..\src\network\nNetwork.cpp">
			<Option compilerVar="CPP"/>
			<Option target="Win32 Release"/>
			<Option target="Win32 Debug"/>
			<Option target="Win32 Profile"/>
		</Unit>
		<Unit filename="..\..\src\network\nNetwork.h">
			<Option compilerVar=""/>
			<Option compile="0"/>
			<Option link="0"/>
			<Option target="Win32 Release"/>
			<Option target="Win32 Debug"/>
			<Option target="Win32 Profile"/>
		</Unit>
		<Unit filename="..\..\src\network\nObserver.cpp">
			<Option compilerVar="CPP"/>
			<Option target="Win32 Release"/>
			<Option target="Win32 Debug"/>
			<Option target="Win32 Profile"/>
		</Unit>
		<Unit filename="..\..\src\network\nObserver.h">
			<Option compilerVar=""/>
			<Option compile="0"/>
			<Option link="0"/>
			<Option target="Win32 Release"/>
			<Option target="Win32 Debug"/>
			<Option target="Win32 Profile"/>
		</Unit>
		<Unit filename="..\..\src\network\nPriorizing.cpp">
			<Option compilerVar="CPP"/>
			<Option target="Win32 Release"/>
			<Option target="Win32 Debug"/>
			<Option target="Win32 Profile"/>
		</Unit>
		<Unit filename="..\..\src\network\nPriorizing.h">
			<Option compilerVar=""/>
			<Option compile="0"/>
			<Option link="0"/>
			<Option target="Win32 Release"/>
			<Option target="Win32 Debug"/>
			<Option target="Win32 Profile"/>
		</Unit>
		<Unit filename="..\..\src\network\nServerInfo.cpp">
			<Option compilerVar="CPP"/>
			<Option target="Win32 Release"/>
			<Option target="Win32 Debug"/>
			<Option target="Win32 Profile"/>
		</Unit>
		<Unit filename="..\..\src\network\nServerInfo.h">
			<Option compilerVar=""/>
			<Option compile="0"/>
			<Option link="0"/>
			<Option target="Win32 Release"/>
			<Option target="Win32 Debug"/>
			<Option target="Win32 Profile"/>
		</Unit>
		<Unit filename="..\..\src\network\nSimulatePing.h">
			<Option compilerVar=""/>
			<Option compile="0"/>
			<Option link="0"/>
			<Option target="Win32 Release"/>
			<Option target="Win32 Debug"/>
			<Option target="Win32 Profile"/>
		</Unit>
		<Unit filename="..\..\src\network\nSocket.cpp">
			<Option compilerVar="CPP"/>
			<Option target="Win32 Release"/>
			<Option target="Win32 Debug"/>
			<Option target="Win32 Profile"/>
		</Unit>
		<Unit filename="..\..\src\network\nSocket.h">
			<Option compilerVar=""/>
			<Option compile="0"/>
			<Option link="0"/>
			<Option target="Win32 Release"/>
			<Option target="Win32 Debug"/>
			<Option target="Win32 Profile"/>
		</Unit>
		<Unit filename="..\..\src\network\nSpamProtection.cpp">
			<Option compilerVar="CPP"/>
			<Option target="Win32 Release"/>
			<Option target="Win32 Debug"/>
			<Option target="Win32 Profile"/>
		</Unit>
		<Unit filename="..\..\src\network\nSpamProtection.h">
			<Option compilerVar=""/>
			<Option compile="0"/>
			<Option link="0"/>
			<Option target="Win32 Release"/>
			<Option target="Win32 Debug"/>
			<Option target="Win32 Profile"/>
		</Unit>
		<Unit filename="..\..\src\render\rConsole.cpp">
			<Option compilerVar="CPP"/>
			<Option target="Win32 Release"/>
			<Option target="Win32 Debug"/>
			<Option target="Win32 Profile"/>
		</Unit>
		<Unit filename="..\..\src\render\rConsole.h">
			<Option compilerVar=""/>
			<Option compile="0"/>
			<Option link="0"/>
			<Option target="Win32 Release"/>
			<Option target="Win32 Debug"/>
			<Option target="Win32 Profile"/>
		</Unit>
		<Unit filename="..\..\src\render\rConsoleCout.cpp">
			<Option compilerVar="CPP"/>
			<Option target="Win32 Release"/>
			<Option target="Win32 Debug"/>
			<Option target="Win32 Profile"/>
		</Unit>
		<Unit filename="..\..\src\render\rFont.cpp">
			<Option compilerVar="CPP"/>
			<Option target="Win32 Release"/>
			<Option target="Win32 Debug"/>
			<Option target="Win32 Profile"/>
		</Unit>
		<Unit filename="..\..\src\render\rFont.h">
			<Option compilerVar=""/>
			<Option compile="0"/>
			<Option link="0"/>
			<Option target="Win32 Release"/>
			<Option target="Win32 Debug"/>
			<Option target="Win32 Profile"/>
		</Unit>
		<Unit filename="..\..\src\render\rGL.cpp">
			<Option compilerVar="CPP"/>
			<Option target="Win32 Release"/>
			<Option target="Win32 Debug"/>
			<Option target="Win32 Profile"/>
		</Unit>
		<Unit filename="..\..\src\render\rGL.h">
			<Option compilerVar=""/>
			<Option compile="0"/>
			<Option link="0"/>
			<Option target="Win32 Release"/>
			<Option target="Win32 Debug"/>
			<Option target="Win32 Profile"/>
		</Unit>
		<Unit filename="..\..\src\render\rGLRender.cpp">
			<Option compilerVar="CPP"/>
			<Option target="Win32 Release"/>
			<Option target="Win32 Debug"/>
			<Option target="Win32 Profile"/>
		</Unit>
		<Unit filename="..\..\src\render\rGLuintObject.cpp">
			<Option compilerVar="CPP"/>
			<Option target="Win32 Release"/>
			<Option target="Win32 Debug"/>
			<Option target="Win32 Profile"/>
		</Unit>
		<Unit filename="..\..\src\render\rGLuintObject.h">
			<Option compilerVar=""/>
			<Option compile="0"/>
			<Option link="0"/>
			<Option target="Win32 Release"/>
			<Option target="Win32 Debug"/>
			<Option target="Win32 Profile"/>
		</Unit>
		<Unit filename="..\..\src\render\rModel.cpp">
			<Option compilerVar="CPP"/>
			<Option target="Win32 Release"/>
			<Option target="Win32 Debug"/>
			<Option target="Win32 Profile"/>
		</Unit>
		<Unit filename="..\..\src\render\rModel.h">
			<Option compilerVar=""/>
			<Option compile="0"/>
			<Option link="0"/>
			<Option target="Win32 Release"/>
			<Option target="Win32 Debug"/>
			<Option target="Win32 Profile"/>
		</Unit>
		<Unit filename="..\..\src\render\rRender.cpp">
			<Option compilerVar="CPP"/>
			<Option target="Win32 Release"/>
			<Option target="Win32 Debug"/>
			<Option target="Win32 Profile"/>
		</Unit>
		<Unit filename="..\..\src\render\rRender.h">
			<Option compilerVar=""/>
			<Option compile="0"/>
			<Option link="0"/>
			<Option target="Win32 Release"/>
			<Option target="Win32 Debug"/>
			<Option target="Win32 Profile"/>
		</Unit>
		<Unit filename="..\..\src\render\rSDL.h">
			<Option compilerVar=""/>
			<Option compile="0"/>
			<Option link="0"/>
			<Option target="Win32 Release"/>
			<Option target="Win32 Debug"/>
			<Option target="Win32 Profile"/>
		</Unit>
		<Unit filename="..\..\src\render\rScreen.cpp">
			<Option compilerVar="CPP"/>
			<Option target="Win32 Release"/>
			<Option target="Win32 Debug"/>
			<Option target="Win32 Profile"/>
		</Unit>
		<Unit filename="..\..\src\render\rScreen.h">
			<Option compilerVar=""/>
			<Option compile="0"/>
			<Option link="0"/>
			<Option target="Win32 Release"/>
			<Option target="Win32 Debug"/>
			<Option target="Win32 Profile"/>
		</Unit>
		<Unit filename="..\..\src\render\rSysdep.cpp">
			<Option compilerVar="CPP"/>
			<Option target="Win32 Release"/>
			<Option target="Win32 Debug"/>
			<Option target="Win32 Profile"/>
		</Unit>
		<Unit filename="..\..\src\render\rSysdep.h">
			<Option compilerVar=""/>
			<Option compile="0"/>
			<Option link="0"/>
			<Option target="Win32 Release"/>
			<Option target="Win32 Debug"/>
			<Option target="Win32 Profile"/>
		</Unit>
		<Unit filename="..\..\src\render\rTexture.cpp">
			<Option compilerVar="CPP"/>
			<Option target="Win32 Release"/>
			<Option target="Win32 Debug"/>
			<Option target="Win32 Profile"/>
		</Unit>
		<Unit filename="..\..\src\render\rTexture.h">
			<Option compilerVar=""/>
			<Option compile="0"/>
			<Option link="0"/>
			<Option target="Win32 Release"/>
			<Option target="Win32 Debug"/>
			<Option target="Win32 Profile"/>
		</Unit>
		<Unit filename="..\..\src\render\rViewport.cpp">
			<Option compilerVar="CPP"/>
			<Option target="Win32 Release"/>
			<Option target="Win32 Debug"/>
			<Option target="Win32 Profile"/>
		</Unit>
		<Unit filename="..\..\src\render\rViewport.h">
			<Option compilerVar=""/>
			<Option compile="0"/>
			<Option link="0"/>
			<Option target="Win32 Release"/>
			<Option target="Win32 Debug"/>
			<Option target="Win32 Profile"/>
		</Unit>
		<Unit filename="..\..\src\thirdparty\particles\ParticleDLL\Particle.h">
			<Option compilerVar=""/>
			<Option compile="0"/>
			<Option link="0"/>
			<Option target="Win32 Release"/>
			<Option target="Win32 Debug"/>
			<Option target="Win32 Profile"/>
		</Unit>
		<Unit filename="..\..\src\thirdparty\particles\ParticleDLL\ParticleGroup.h">
			<Option compilerVar=""/>
			<Option compile="0"/>
			<Option link="0"/>
			<Option target="Win32 Release"/>
			<Option target="Win32 Debug"/>
			<Option target="Win32 Profile"/>
		</Unit>
		<Unit filename="..\..\src\thirdparty\particles\ParticleDLL\ParticleState.cpp">
			<Option compilerVar="CPP"/>
			<Option target="Win32 Release"/>
			<Option target="Win32 Debug"/>
			<Option target="Win32 Profile"/>
		</Unit>
		<Unit filename="..\..\src\thirdparty\particles\ParticleDLL\ParticleState.h">
			<Option compilerVar=""/>
			<Option compile="0"/>
			<Option link="0"/>
			<Option target="Win32 Release"/>
			<Option target="Win32 Debug"/>
			<Option target="Win32 Profile"/>
		</Unit>
		<Unit filename="..\..\src\thirdparty\particles\ParticleDLL\action_api.cpp">
			<Option compilerVar="CPP"/>
			<Option target="Win32 Release"/>
			<Option target="Win32 Debug"/>
			<Option target="Win32 Profile"/>
		</Unit>
		<Unit filename="..\..\src\thirdparty\particles\ParticleDLL\actions.cpp">
			<Option compilerVar="CPP"/>
			<Option target="Win32 Release"/>
			<Option target="Win32 Debug"/>
			<Option target="Win32 Profile"/>
		</Unit>
		<Unit filename="..\..\src\thirdparty\particles\ParticleDLL\actions.h">
			<Option compilerVar=""/>
			<Option compile="0"/>
			<Option link="0"/>
			<Option target="Win32 Release"/>
			<Option target="Win32 Debug"/>
			<Option target="Win32 Profile"/>
		</Unit>
		<Unit filename="..\..\src\thirdparty\particles\ParticleDLL\other_api.cpp">
			<Option compilerVar="CPP"/>
			<Option target="Win32 Release"/>
			<Option target="Win32 Debug"/>
			<Option target="Win32 Profile"/>
		</Unit>
		<Unit filename="..\..\src\thirdparty\particles\pDomain.h">
			<Option compilerVar=""/>
			<Option compile="0"/>
			<Option link="0"/>
			<Option target="Win32 Release"/>
			<Option target="Win32 Debug"/>
			<Option target="Win32 Profile"/>
		</Unit>
		<Unit filename="..\..\src\thirdparty\particles\pVec.h">
			<Option compilerVar=""/>
			<Option compile="0"/>
			<Option link="0"/>
			<Option target="Win32 Release"/>
			<Option target="Win32 Debug"/>
			<Option target="Win32 Profile"/>
		</Unit>
		<Unit filename="..\..\src\thirdparty\particles\papi.h">
			<Option compilerVar=""/>
			<Option compile="0"/>
			<Option link="0"/>
			<Option target="Win32 Release"/>
			<Option target="Win32 Debug"/>
			<Option target="Win32 Profile"/>
		</Unit>
		<Unit filename="..\..\src\thirdparty\shttpd\shttpd.c">
			<Option compilerVar="CC"/>
			<Option target="Win32 Release"/>
			<Option target="Win32 Debug"/>
			<Option target="Win32 Profile"/>
		</Unit>
		<Unit filename="..\..\src\thirdparty\shttpd\shttpd.h">
			<Option compilerVar=""/>
			<Option compile="0"/>
			<Option link="0"/>
			<Option target="Win32 Release"/>
			<Option target="Win32 Debug"/>
			<Option target="Win32 Profile"/>
		</Unit>
		<Unit filename="..\..\src\tools\tArray.cpp">
			<Option compilerVar="CPP"/>
			<Option target="Win32 Release"/>
			<Option target="Win32 Debug"/>
			<Option target="Win32 Profile"/>
		</Unit>
		<Unit filename="..\..\src\tools\tArray.h">
			<Option compilerVar=""/>
			<Option compile="0"/>
			<Option link="0"/>
			<Option target="Win32 Release"/>
			<Option target="Win32 Debug"/>
			<Option target="Win32 Profile"/>
		</Unit>
		<Unit filename="..\..\src\tools\tCallback.cpp">
			<Option compilerVar="CPP"/>
			<Option target="Win32 Release"/>
			<Option target="Win32 Debug"/>
			<Option target="Win32 Profile"/>
		</Unit>
		<Unit filename="..\..\src\tools\tCallback.h">
			<Option compilerVar=""/>
			<Option compile="0"/>
			<Option link="0"/>
			<Option target="Win32 Release"/>
			<Option target="Win32 Debug"/>
			<Option target="Win32 Profile"/>
		</Unit>
		<Unit filename="..\..\src\tools\tCallbackString.h">
			<Option compilerVar=""/>
			<Option compile="0"/>
			<Option link="0"/>
			<Option target="Win32 Release"/>
			<Option target="Win32 Debug"/>
			<Option target="Win32 Profile"/>
		</Unit>
		<Unit filename="..\..\src\tools\tColor.h">
			<Option compilerVar=""/>
			<Option compile="0"/>
			<Option link="0"/>
			<Option target="Win32 Release"/>
			<Option target="Win32 Debug"/>
			<Option target="Win32 Profile"/>
		</Unit>
		<Unit filename="..\..\src\tools\tCommandLine.cpp">
			<Option compilerVar="CPP"/>
			<Option target="Win32 Release"/>
			<Option target="Win32 Debug"/>
			<Option target="Win32 Profile"/>
		</Unit>
		<Unit filename="..\..\src\tools\tCommandLine.h">
			<Option compilerVar=""/>
			<Option compile="0"/>
			<Option link="0"/>
			<Option target="Win32 Release"/>
			<Option target="Win32 Debug"/>
			<Option target="Win32 Profile"/>
		</Unit>
		<Unit filename="..\..\src\tools\tConfiguration.cpp">
			<Option compilerVar="CPP"/>
			<Option target="Win32 Release"/>
			<Option target="Win32 Debug"/>
			<Option target="Win32 Profile"/>
		</Unit>
		<Unit filename="..\..\src\tools\tConfiguration.h">
			<Option compilerVar=""/>
			<Option compile="0"/>
			<Option link="0"/>
			<Option target="Win32 Release"/>
			<Option target="Win32 Debug"/>
			<Option target="Win32 Profile"/>
		</Unit>
		<Unit filename="..\..\src\tools\tConsole.cpp">
			<Option compilerVar="CPP"/>
			<Option target="Win32 Release"/>
			<Option target="Win32 Debug"/>
			<Option target="Win32 Profile"/>
		</Unit>
		<Unit filename="..\..\src\tools\tConsole.h">
			<Option compilerVar=""/>
			<Option compile="0"/>
			<Option link="0"/>
			<Option target="Win32 Release"/>
			<Option target="Win32 Debug"/>
			<Option target="Win32 Profile"/>
		</Unit>
		<Unit filename="..\..\src\tools\tCoord.h">
			<Option compilerVar=""/>
			<Option compile="0"/>
			<Option link="0"/>
			<Option target="Win32 Release"/>
			<Option target="Win32 Debug"/>
			<Option target="Win32 Profile"/>
		</Unit>
		<Unit filename="..\..\src\tools\tCrypt.cpp">
			<Option compilerVar="CPP"/>
			<Option target="Win32 Release"/>
			<Option target="Win32 Debug"/>
			<Option target="Win32 Profile"/>
		</Unit>
		<Unit filename="..\..\src\tools\tCrypt.h">
			<Option compilerVar=""/>
			<Option compile="0"/>
			<Option link="0"/>
			<Option target="Win32 Release"/>
			<Option target="Win32 Debug"/>
			<Option target="Win32 Profile"/>
		</Unit>
		<Unit filename="..\..\src\tools\tDirectories.cpp">
			<Option compilerVar="CPP"/>
			<Option target="Win32 Release"/>
			<Option target="Win32 Debug"/>
			<Option target="Win32 Profile"/>
		</Unit>
		<Unit filename="..\..\src\tools\tDirectories.h">
			<Option compilerVar=""/>
			<Option compile="0"/>
			<Option link="0"/>
			<Option target="Win32 Release"/>
			<Option target="Win32 Debug"/>
			<Option target="Win32 Profile"/>
		</Unit>
		<Unit filename="..\..\src\tools\tError.cpp">
			<Option compilerVar="CPP"/>
			<Option target="Win32 Release"/>
			<Option target="Win32 Debug"/>
			<Option target="Win32 Profile"/>
		</Unit>
		<Unit filename="..\..\src\tools\tError.h">
			<Option compilerVar=""/>
			<Option compile="0"/>
			<Option link="0"/>
			<Option target="Win32 Release"/>
			<Option target="Win32 Debug"/>
			<Option target="Win32 Profile"/>
		</Unit>
		<Unit filename="..\..\src\tools\tEventQueue.cpp">
			<Option compilerVar="CPP"/>
			<Option target="Win32 Release"/>
			<Option target="Win32 Debug"/>
			<Option target="Win32 Profile"/>
		</Unit>
		<Unit filename="..\..\src\tools\tEventQueue.h">
			<Option compilerVar=""/>
			<Option compile="0"/>
			<Option link="0"/>
			<Option target="Win32 Release"/>
			<Option target="Win32 Debug"/>
			<Option target="Win32 Profile"/>
		</Unit>
		<Unit filename="..\..\src\tools\tException.cpp">
			<Option compilerVar="CPP"/>
			<Option target="Win32 Release"/>
			<Option target="Win32 Debug"/>
			<Option target="Win32 Profile"/>
		</Unit>
		<Unit filename="..\..\src\tools\tException.h">
			<Option compilerVar=""/>
			<Option compile="0"/>
			<Option link="0"/>
			<Option target="Win32 Release"/>
			<Option target="Win32 Debug"/>
			<Option target="Win32 Profile"/>
		</Unit>
		<Unit filename="..\..\src\tools\tFunction.cpp">
			<Option compilerVar="CPP"/>
			<Option target="Win32 Release"/>
			<Option target="Win32 Debug"/>
			<Option target="Win32 Profile"/>
		</Unit>
		<Unit filename="..\..\src\tools\tFunction.h">
			<Option compilerVar=""/>
			<Option compile="0"/>
			<Option link="0"/>
			<Option target="Win32 Release"/>
			<Option target="Win32 Debug"/>
			<Option target="Win32 Profile"/>
		</Unit>
		<Unit filename="..\..\src\tools\tHeap.cpp">
			<Option compilerVar="CPP"/>
			<Option target="Win32 Release"/>
			<Option target="Win32 Debug"/>
			<Option target="Win32 Profile"/>
		</Unit>
		<Unit filename="..\..\src\tools\tHeap.h">
			<Option compilerVar=""/>
			<Option compile="0"/>
			<Option link="0"/>
			<Option target="Win32 Release"/>
			<Option target="Win32 Debug"/>
			<Option target="Win32 Profile"/>
		</Unit>
		<Unit filename="..\..\src\tools\tIniFile.cpp">
			<Option compilerVar="CPP"/>
			<Option target="Win32 Release"/>
			<Option target="Win32 Debug"/>
			<Option target="Win32 Profile"/>
		</Unit>
		<Unit filename="..\..\src\tools\tIniFile.h">
			<Option compilerVar=""/>
			<Option compile="0"/>
			<Option link="0"/>
			<Option target="Win32 Release"/>
			<Option target="Win32 Debug"/>
			<Option target="Win32 Profile"/>
		</Unit>
		<Unit filename="..\..\src\tools\tInitExit.h">
			<Option compilerVar=""/>
			<Option compile="0"/>
			<Option link="0"/>
			<Option target="Win32 Release"/>
			<Option target="Win32 Debug"/>
			<Option target="Win32 Profile"/>
		</Unit>
		<Unit filename="..\..\src\tools\tLinkedList.cpp">
			<Option compilerVar="CPP"/>
			<Option target="Win32 Release"/>
			<Option target="Win32 Debug"/>
			<Option target="Win32 Profile"/>
		</Unit>
		<Unit filename="..\..\src\tools\tLinkedList.h">
			<Option compilerVar=""/>
			<Option compile="0"/>
			<Option link="0"/>
			<Option target="Win32 Release"/>
			<Option target="Win32 Debug"/>
			<Option target="Win32 Profile"/>
		</Unit>
		<Unit filename="..\..\src\tools\tList.h">
			<Option compilerVar=""/>
			<Option compile="0"/>
			<Option link="0"/>
			<Option target="Win32 Release"/>
			<Option target="Win32 Debug"/>
			<Option target="Win32 Profile"/>
		</Unit>
		<Unit filename="..\..\src\tools\tLocale.cpp">
			<Option compilerVar="CPP"/>
			<Option target="Win32 Release"/>
			<Option target="Win32 Debug"/>
			<Option target="Win32 Profile"/>
		</Unit>
		<Unit filename="..\..\src\tools\tLocale.h">
			<Option compilerVar=""/>
			<Option compile="0"/>
			<Option link="0"/>
			<Option target="Win32 Release"/>
			<Option target="Win32 Debug"/>
			<Option target="Win32 Profile"/>
		</Unit>
		<Unit filename="..\..\src\tools\tMath.h">
			<Option compilerVar=""/>
			<Option compile="0"/>
			<Option link="0"/>
			<Option target="Win32 Release"/>
			<Option target="Win32 Debug"/>
			<Option target="Win32 Profile"/>
		</Unit>
		<Unit filename="..\..\src\tools\tMemManager.cpp">
			<Option compilerVar="CPP"/>
			<Option target="Win32 Release"/>
			<Option target="Win32 Debug"/>
			<Option target="Win32 Profile"/>
		</Unit>
		<Unit filename="..\..\src\tools\tMemManager.h">
			<Option compilerVar=""/>
			<Option compile="0"/>
			<Option link="0"/>
			<Option target="Win32 Release"/>
			<Option target="Win32 Debug"/>
			<Option target="Win32 Profile"/>
		</Unit>
		<Unit filename="..\..\src\tools\tMemStack.cpp">
			<Option compilerVar="CPP"/>
			<Option target="Win32 Release"/>
			<Option target="Win32 Debug"/>
			<Option target="Win32 Profile"/>
		</Unit>
		<Unit filename="..\..\src\tools\tMemStack.h">
			<Option compilerVar=""/>
			<Option compile="0"/>
			<Option link="0"/>
			<Option target="Win32 Release"/>
			<Option target="Win32 Debug"/>
			<Option target="Win32 Profile"/>
		</Unit>
		<Unit filename="..\..\src\tools\tPlayList.cpp">
			<Option compilerVar="CPP"/>
			<Option target="Win32 Release"/>
			<Option target="Win32 Debug"/>
			<Option target="Win32 Profile"/>
		</Unit>
		<Unit filename="..\..\src\tools\tPlayList.h">
			<Option compilerVar=""/>
			<Option compile="0"/>
			<Option link="0"/>
			<Option target="Win32 Release"/>
			<Option target="Win32 Debug"/>
			<Option target="Win32 Profile"/>
		</Unit>
		<Unit filename="..\..\src\tools\tRandom.cpp">
			<Option compilerVar="CPP"/>
			<Option target="Win32 Release"/>
			<Option target="Win32 Debug"/>
			<Option target="Win32 Profile"/>
		</Unit>
		<Unit filename="..\..\src\tools\tRandom.h">
			<Option compilerVar=""/>
			<Option compile="0"/>
			<Option link="0"/>
			<Option target="Win32 Release"/>
			<Option target="Win32 Debug"/>
			<Option target="Win32 Profile"/>
		</Unit>
		<Unit filename="..\..\src\tools\tRecorder.cpp">
			<Option compilerVar="CPP"/>
			<Option target="Win32 Release"/>
			<Option target="Win32 Debug"/>
			<Option target="Win32 Profile"/>
		</Unit>
		<Unit filename="..\..\src\tools\tRecorder.h">
			<Option compilerVar=""/>
			<Option compile="0"/>
			<Option link="0"/>
			<Option target="Win32 Release"/>
			<Option target="Win32 Debug"/>
			<Option target="Win32 Profile"/>
		</Unit>
		<Unit filename="..\..\src\tools\tRecorderInternal.cpp">
			<Option compilerVar="CPP"/>
			<Option target="Win32 Release"/>
			<Option target="Win32 Debug"/>
			<Option target="Win32 Profile"/>
		</Unit>
		<Unit filename="..\..\src\tools\tRecorderInternal.h">
			<Option compilerVar=""/>
			<Option compile="0"/>
			<Option link="0"/>
			<Option target="Win32 Release"/>
			<Option target="Win32 Debug"/>
			<Option target="Win32 Profile"/>
		</Unit>
		<Unit filename="..\..\src\tools\tReferenceHolder.h">
			<Option compilerVar=""/>
			<Option compile="0"/>
			<Option link="0"/>
			<Option target="Win32 Release"/>
			<Option target="Win32 Debug"/>
			<Option target="Win32 Profile"/>
		</Unit>
		<Unit filename="..\..\src\tools\tResourceManager.cpp">
			<Option compilerVar="CPP"/>
			<Option target="Win32 Release"/>
			<Option target="Win32 Debug"/>
			<Option target="Win32 Profile"/>
		</Unit>
		<Unit filename="..\..\src\tools\tResourceManager.h">
			<Option compilerVar=""/>
			<Option compile="0"/>
			<Option link="0"/>
			<Option target="Win32 Release"/>
			<Option target="Win32 Debug"/>
			<Option target="Win32 Profile"/>
		</Unit>
		<Unit filename="..\..\src\tools\tRing.cpp">
			<Option compilerVar="CPP"/>
			<Option target="Win32 Release"/>
			<Option target="Win32 Debug"/>
			<Option target="Win32 Profile"/>
		</Unit>
		<Unit filename="..\..\src\tools\tRing.h">
			<Option compilerVar=""/>
			<Option compile="0"/>
			<Option link="0"/>
			<Option target="Win32 Release"/>
			<Option target="Win32 Debug"/>
			<Option target="Win32 Profile"/>
		</Unit>
		<Unit filename="..\..\src\tools\tSafePTR.cpp">
			<Option compilerVar="CPP"/>
			<Option target="Win32 Release"/>
			<Option target="Win32 Debug"/>
			<Option target="Win32 Profile"/>
		</Unit>
		<Unit filename="..\..\src\tools\tSafePTR.h">
			<Option compilerVar=""/>
			<Option compile="0"/>
			<Option link="0"/>
			<Option target="Win32 Release"/>
			<Option target="Win32 Debug"/>
			<Option target="Win32 Profile"/>
		</Unit>
		<Unit filename="..\..\src\tools\tStatEntry.cpp">
			<Option compilerVar="CPP"/>
			<Option target="Win32 Release"/>
			<Option target="Win32 Debug"/>
			<Option target="Win32 Profile"/>
		</Unit>
		<Unit filename="..\..\src\tools\tStatEntry.h">
			<Option compilerVar=""/>
			<Option compile="0"/>
			<Option link="0"/>
			<Option target="Win32 Release"/>
			<Option target="Win32 Debug"/>
			<Option target="Win32 Profile"/>
		</Unit>
		<Unit filename="..\..\src\tools\tStatFile.cpp">
			<Option compilerVar="CPP"/>
			<Option target="Win32 Release"/>
			<Option target="Win32 Debug"/>
			<Option target="Win32 Profile"/>
		</Unit>
		<Unit filename="..\..\src\tools\tStatFile.h">
			<Option compilerVar=""/>
			<Option compile="0"/>
			<Option link="0"/>
			<Option target="Win32 Release"/>
			<Option target="Win32 Debug"/>
			<Option target="Win32 Profile"/>
		</Unit>
		<Unit filename="..\..\src\tools\tString.cpp">
			<Option compilerVar="CPP"/>
			<Option target="Win32 Release"/>
			<Option target="Win32 Debug"/>
			<Option target="Win32 Profile"/>
		</Unit>
		<Unit filename="..\..\src\tools\tString.h">
			<Option compilerVar=""/>
			<Option compile="0"/>
			<Option link="0"/>
			<Option target="Win32 Release"/>
			<Option target="Win32 Debug"/>
			<Option target="Win32 Profile"/>
		</Unit>
		<Unit filename="..\..\src\tools\tSysTime.cpp">
			<Option compilerVar="CPP"/>
			<Option target="Win32 Release"/>
			<Option target="Win32 Debug"/>
			<Option target="Win32 Profile"/>
		</Unit>
		<Unit filename="..\..\src\tools\tSysTime.h">
			<Option compilerVar=""/>
			<Option compile="0"/>
			<Option link="0"/>
			<Option target="Win32 Release"/>
			<Option target="Win32 Debug"/>
			<Option target="Win32 Profile"/>
		</Unit>
		<Unit filename="..\..\src\tools\tToDo.cpp">
			<Option compilerVar="CPP"/>
			<Option target="Win32 Release"/>
			<Option target="Win32 Debug"/>
			<Option target="Win32 Profile"/>
		</Unit>
		<Unit filename="..\..\src\tools\tToDo.h">
			<Option compilerVar=""/>
			<Option compile="0"/>
			<Option link="0"/>
			<Option target="Win32 Release"/>
			<Option target="Win32 Debug"/>
			<Option target="Win32 Profile"/>
		</Unit>
		<Unit filename="..\..\src\tools\tXmlParser.cpp">
			<Option compilerVar="CPP"/>
			<Option target="Win32 Release"/>
			<Option target="Win32 Debug"/>
			<Option target="Win32 Profile"/>
		</Unit>
		<Unit filename="..\..\src\tools\tXmlParser.h">
			<Option compilerVar=""/>
			<Option compile="0"/>
			<Option link="0"/>
			<Option target="Win32 Release"/>
			<Option target="Win32 Debug"/>
			<Option target="Win32 Profile"/>
		</Unit>
		<Unit filename="..\..\src\tron\cockpit\cCockpit.cpp">
			<Option compilerVar="CPP"/>
			<Option target="Win32 Release"/>
			<Option target="Win32 Debug"/>
			<Option target="Win32 Profile"/>
		</Unit>
		<Unit filename="..\..\src\tron\cockpit\cCockpit.h">
			<Option compilerVar=""/>
			<Option compile="0"/>
			<Option link="0"/>
			<Option target="Win32 Release"/>
			<Option target="Win32 Debug"/>
			<Option target="Win32 Profile"/>
		</Unit>
		<Unit filename="..\..\src\tron\cockpit\cGauges.cpp">
			<Option compilerVar="CPP"/>
			<Option target="Win32 Release"/>
			<Option target="Win32 Debug"/>
			<Option target="Win32 Profile"/>
		</Unit>
		<Unit filename="..\..\src\tron\cockpit\cGauges.h">
			<Option compilerVar=""/>
			<Option compile="0"/>
			<Option link="0"/>
			<Option target="Win32 Release"/>
			<Option target="Win32 Debug"/>
			<Option target="Win32 Profile"/>
		</Unit>
		<Unit filename="..\..\src\tron\cockpit\cLabel.cpp">
			<Option compilerVar="CPP"/>
			<Option target="Win32 Release"/>
			<Option target="Win32 Debug"/>
			<Option target="Win32 Profile"/>
		</Unit>
		<Unit filename="..\..\src\tron\cockpit\cLabel.h">
			<Option compilerVar=""/>
			<Option compile="0"/>
			<Option link="0"/>
			<Option target="Win32 Release"/>
			<Option target="Win32 Debug"/>
			<Option target="Win32 Profile"/>
		</Unit>
		<Unit filename="..\..\src\tron\cockpit\cMap.cpp">
			<Option compilerVar="CPP"/>
			<Option target="Win32 Release"/>
			<Option target="Win32 Debug"/>
			<Option target="Win32 Profile"/>
		</Unit>
		<Unit filename="..\..\src\tron\cockpit\cMap.h">
			<Option compilerVar=""/>
			<Option compile="0"/>
			<Option link="0"/>
			<Option target="Win32 Release"/>
			<Option target="Win32 Debug"/>
			<Option target="Win32 Profile"/>
		</Unit>
		<Unit filename="..\..\src\tron\cockpit\cRectangle.cpp">
			<Option compilerVar="CPP"/>
			<Option target="Win32 Release"/>
			<Option target="Win32 Debug"/>
			<Option target="Win32 Profile"/>
		</Unit>
		<Unit filename="..\..\src\tron\cockpit\cRectangle.h">
			<Option compilerVar=""/>
			<Option compile="0"/>
			<Option link="0"/>
			<Option target="Win32 Release"/>
			<Option target="Win32 Debug"/>
			<Option target="Win32 Profile"/>
		</Unit>
		<Unit filename="..\..\src\tron\cockpit\cWidgetBase.cpp">
			<Option compilerVar="CPP"/>
			<Option target="Win32 Release"/>
			<Option target="Win32 Debug"/>
			<Option target="Win32 Profile"/>
		</Unit>
		<Unit filename="..\..\src\tron\cockpit\cWidgetBase.h">
			<Option compilerVar=""/>
			<Option compile="0"/>
			<Option link="0"/>
			<Option target="Win32 Release"/>
			<Option target="Win32 Debug"/>
			<Option target="Win32 Profile"/>
		</Unit>
		<Unit filename="..\..\src\tron\gAIBase.cpp">
			<Option compilerVar="CPP"/>
			<Option target="Win32 Release"/>
			<Option target="Win32 Debug"/>
			<Option target="Win32 Profile"/>
		</Unit>
		<Unit filename="..\..\src\tron\gAIBase.h">
			<Option compilerVar=""/>
			<Option compile="0"/>
			<Option link="0"/>
			<Option target="Win32 Release"/>
			<Option target="Win32 Debug"/>
			<Option target="Win32 Profile"/>
		</Unit>
		<Unit filename="..\..\src\tron\gAICharacter.cpp">
			<Option compilerVar="CPP"/>
			<Option target="Win32 Release"/>
			<Option target="Win32 Debug"/>
			<Option target="Win32 Profile"/>
		</Unit>
		<Unit filename="..\..\src\tron\gAICharacter.h">
			<Option compilerVar=""/>
			<Option compile="0"/>
			<Option link="0"/>
			<Option target="Win32 Release"/>
			<Option target="Win32 Debug"/>
			<Option target="Win32 Profile"/>
		</Unit>
		<Unit filename="..\..\src\tron\gArena.cpp">
			<Option compilerVar="CPP"/>
			<Option target="Win32 Release"/>
			<Option target="Win32 Debug"/>
			<Option target="Win32 Profile"/>
		</Unit>
		<Unit filename="..\..\src\tron\gArena.h">
			<Option compilerVar=""/>
			<Option compile="0"/>
			<Option link="0"/>
			<Option target="Win32 Release"/>
			<Option target="Win32 Debug"/>
			<Option target="Win32 Profile"/>
		</Unit>
		<Unit filename="..\..\src\tron\gArmagetron.cpp">
			<Option compilerVar="CPP"/>
			<Option target="Win32 Release"/>
			<Option target="Win32 Debug"/>
			<Option target="Win32 Profile"/>
		</Unit>
		<Unit filename="..\..\src\tron\gCamera.cpp">
			<Option compilerVar="CPP"/>
			<Option target="Win32 Release"/>
			<Option target="Win32 Debug"/>
			<Option target="Win32 Profile"/>
		</Unit>
		<Unit filename="..\..\src\tron\gCamera.h">
			<Option compilerVar=""/>
			<Option compile="0"/>
			<Option link="0"/>
			<Option target="Win32 Release"/>
			<Option target="Win32 Debug"/>
			<Option target="Win32 Profile"/>
		</Unit>
		<Unit filename="..\..\src\tron\gCommandLineJumpStart.cpp">
			<Option compilerVar="CPP"/>
			<Option target="Win32 Release"/>
			<Option target="Win32 Debug"/>
			<Option target="Win32 Profile"/>
		</Unit>
		<Unit filename="..\..\src\tron\gCommandLineJumpStart.h">
			<Option compilerVar=""/>
			<Option compile="0"/>
			<Option link="0"/>
			<Option target="Win32 Release"/>
			<Option target="Win32 Debug"/>
			<Option target="Win32 Profile"/>
		</Unit>
		<Unit filename="..\..\src\tron\gCycle.cpp">
			<Option compilerVar="CPP"/>
			<Option target="Win32 Release"/>
			<Option target="Win32 Debug"/>
			<Option target="Win32 Profile"/>
		</Unit>
		<Unit filename="..\..\src\tron\gCycle.h">
			<Option compilerVar=""/>
			<Option compile="0"/>
			<Option link="0"/>
			<Option target="Win32 Release"/>
			<Option target="Win32 Debug"/>
			<Option target="Win32 Profile"/>
		</Unit>
		<Unit filename="..\..\src\tron\gCycleMovement.cpp">
			<Option compilerVar="CPP"/>
			<Option target="Win32 Release"/>
			<Option target="Win32 Debug"/>
			<Option target="Win32 Profile"/>
		</Unit>
		<Unit filename="..\..\src\tron\gCycleMovement.h">
			<Option compilerVar=""/>
			<Option compile="0"/>
			<Option link="0"/>
			<Option target="Win32 Release"/>
			<Option target="Win32 Debug"/>
			<Option target="Win32 Profile"/>
		</Unit>
		<Unit filename="..\..\src\tron\gExplosion.cpp">
			<Option compilerVar="CPP"/>
			<Option target="Win32 Release"/>
			<Option target="Win32 Debug"/>
			<Option target="Win32 Profile"/>
		</Unit>
		<Unit filename="..\..\src\tron\gExplosion.h">
			<Option compilerVar=""/>
			<Option compile="0"/>
			<Option link="0"/>
			<Option target="Win32 Release"/>
			<Option target="Win32 Debug"/>
			<Option target="Win32 Profile"/>
		</Unit>
		<Unit filename="..\..\src\tron\gFloor.cpp">
			<Option compilerVar="CPP"/>
			<Option target="Win32 Release"/>
			<Option target="Win32 Debug"/>
			<Option target="Win32 Profile"/>
		</Unit>
		<Unit filename="..\..\src\tron\gGame.cpp">
			<Option compilerVar="CPP"/>
			<Option target="Win32 Release"/>
			<Option target="Win32 Debug"/>
			<Option target="Win32 Profile"/>
		</Unit>
		<Unit filename="..\..\src\tron\gGame.h">
			<Option compilerVar=""/>
			<Option compile="0"/>
			<Option link="0"/>
			<Option target="Win32 Release"/>
			<Option target="Win32 Debug"/>
			<Option target="Win32 Profile"/>
		</Unit>
		<Unit filename="..\..\src\tron\gLanguageMenu.cpp">
			<Option compilerVar="CPP"/>
			<Option target="Win32 Release"/>
			<Option target="Win32 Debug"/>
			<Option target="Win32 Profile"/>
		</Unit>
		<Unit filename="..\..\src\tron\gLanguageMenu.h">
			<Option compilerVar=""/>
			<Option compile="0"/>
			<Option link="0"/>
			<Option target="Win32 Release"/>
			<Option target="Win32 Debug"/>
			<Option target="Win32 Profile"/>
		</Unit>
		<Unit filename="..\..\src\tron\gLogo.cpp">
			<Option compilerVar="CPP"/>
			<Option target="Win32 Release"/>
			<Option target="Win32 Debug"/>
			<Option target="Win32 Profile"/>
		</Unit>
		<Unit filename="..\..\src\tron\gLogo.h">
			<Option compilerVar=""/>
			<Option compile="0"/>
			<Option link="0"/>
			<Option target="Win32 Release"/>
			<Option target="Win32 Debug"/>
			<Option target="Win32 Profile"/>
		</Unit>
		<Unit filename="..\..\src\tron\gMenus.cpp">
			<Option compilerVar="CPP"/>
			<Option target="Win32 Release"/>
			<Option target="Win32 Debug"/>
			<Option target="Win32 Profile"/>
		</Unit>
		<Unit filename="..\..\src\tron\gMenus.h">
			<Option compilerVar=""/>
			<Option compile="0"/>
			<Option link="0"/>
			<Option target="Win32 Release"/>
			<Option target="Win32 Debug"/>
			<Option target="Win32 Profile"/>
		</Unit>
		<Unit filename="..\..\src\tron\gParser.cpp">
			<Option compilerVar="CPP"/>
			<Option target="Win32 Release"/>
			<Option target="Win32 Debug"/>
			<Option target="Win32 Profile"/>
		</Unit>
		<Unit filename="..\..\src\tron\gParser.h">
			<Option compilerVar=""/>
			<Option compile="0"/>
			<Option link="0"/>
			<Option target="Win32 Release"/>
			<Option target="Win32 Debug"/>
			<Option target="Win32 Profile"/>
		</Unit>
		<Unit filename="..\..\src\tron\gParticles.cpp">
			<Option compilerVar="CPP"/>
			<Option target="Win32 Release"/>
			<Option target="Win32 Debug"/>
			<Option target="Win32 Profile"/>
		</Unit>
		<Unit filename="..\..\src\tron\gParticles.h">
			<Option compilerVar=""/>
			<Option compile="0"/>
			<Option link="0"/>
			<Option target="Win32 Release"/>
			<Option target="Win32 Debug"/>
			<Option target="Win32 Profile"/>
		</Unit>
		<Unit filename="..\..\src\tron\gRotation.cpp">
			<Option compilerVar="CPP"/>
			<Option target="Win32 Release"/>
			<Option target="Win32 Debug"/>
			<Option target="Win32 Profile"/>
		</Unit>
		<Unit filename="..\..\src\tron\gRotation.h">
			<Option compilerVar="CPP"/>
			<Option compile="0"/>
			<Option link="0"/>
			<Option target="Win32 Release"/>
			<Option target="Win32 Debug"/>
			<Option target="Win32 Profile"/>
		</Unit>
		<Unit filename="..\..\src\tron\gSensor.cpp">
			<Option compilerVar="CPP"/>
			<Option target="Win32 Release"/>
			<Option target="Win32 Debug"/>
			<Option target="Win32 Profile"/>
		</Unit>
		<Unit filename="..\..\src\tron\gSensor.h">
			<Option compilerVar=""/>
			<Option compile="0"/>
			<Option link="0"/>
			<Option target="Win32 Release"/>
			<Option target="Win32 Debug"/>
			<Option target="Win32 Profile"/>
		</Unit>
		<Unit filename="..\..\src\tron\gServerBrowser.cpp">
			<Option compilerVar="CPP"/>
			<Option target="Win32 Release"/>
			<Option target="Win32 Debug"/>
			<Option target="Win32 Profile"/>
		</Unit>
		<Unit filename="..\..\src\tron\gServerBrowser.h">
			<Option compilerVar=""/>
			<Option compile="0"/>
			<Option link="0"/>
			<Option target="Win32 Release"/>
			<Option target="Win32 Debug"/>
			<Option target="Win32 Profile"/>
		</Unit>
		<Unit filename="..\..\src\tron\gServerFavorites.cpp">
			<Option compilerVar="CPP"/>
			<Option target="Win32 Release"/>
			<Option target="Win32 Debug"/>
			<Option target="Win32 Profile"/>
		</Unit>
		<Unit filename="..\..\src\tron\gServerFavorites.h">
			<Option compilerVar=""/>
			<Option compile="0"/>
			<Option link="0"/>
			<Option target="Win32 Release"/>
			<Option target="Win32 Debug"/>
			<Option target="Win32 Profile"/>
		</Unit>
		<Unit filename="..\..\src\tron\gSparks.cpp">
			<Option compilerVar="CPP"/>
			<Option target="Win32 Release"/>
			<Option target="Win32 Debug"/>
			<Option target="Win32 Profile"/>
		</Unit>
		<Unit filename="..\..\src\tron\gSparks.h">
			<Option compilerVar=""/>
			<Option compile="0"/>
			<Option link="0"/>
			<Option target="Win32 Release"/>
			<Option target="Win32 Debug"/>
			<Option target="Win32 Profile"/>
		</Unit>
		<Unit filename="..\..\src\tron\gSpawn.cpp">
			<Option compilerVar="CPP"/>
			<Option target="Win32 Release"/>
			<Option target="Win32 Debug"/>
			<Option target="Win32 Profile"/>
		</Unit>
		<Unit filename="..\..\src\tron\gSpawn.h">
			<Option compilerVar=""/>
			<Option compile="0"/>
			<Option link="0"/>
			<Option target="Win32 Release"/>
			<Option target="Win32 Debug"/>
			<Option target="Win32 Profile"/>
		</Unit>
		<Unit filename="..\..\src\tron\gStatList.cpp">
			<Option compilerVar="CPP"/>
			<Option target="Win32 Release"/>
			<Option target="Win32 Debug"/>
			<Option target="Win32 Profile"/>
		</Unit>
		<Unit filename="..\..\src\tron\gStatList.h">
			<Option compilerVar=""/>
			<Option compile="0"/>
			<Option link="0"/>
			<Option target="Win32 Release"/>
			<Option target="Win32 Debug"/>
			<Option target="Win32 Profile"/>
		</Unit>
		<Unit filename="..\..\src\tron\gStatistics.cpp">
			<Option compilerVar="CPP"/>
			<Option target="Win32 Release"/>
			<Option target="Win32 Debug"/>
			<Option target="Win32 Profile"/>
		</Unit>
		<Unit filename="..\..\src\tron\gStatistics.h">
			<Option compilerVar=""/>
			<Option compile="0"/>
			<Option link="0"/>
			<Option target="Win32 Release"/>
			<Option target="Win32 Debug"/>
			<Option target="Win32 Profile"/>
		</Unit>
		<Unit filename="..\..\src\tron\gStuff.cpp">
			<Option compilerVar="CPP"/>
			<Option target="Win32 Release"/>
			<Option target="Win32 Debug"/>
			<Option target="Win32 Profile"/>
		</Unit>
		<Unit filename="..\..\src\tron\gStuff.h">
			<Option compilerVar=""/>
			<Option compile="0"/>
			<Option link="0"/>
			<Option target="Win32 Release"/>
			<Option target="Win32 Debug"/>
			<Option target="Win32 Profile"/>
		</Unit>
		<Unit filename="..\..\src\tron\gTeam.cpp">
			<Option compilerVar="CPP"/>
			<Option target="Win32 Release"/>
			<Option target="Win32 Debug"/>
			<Option target="Win32 Profile"/>
		</Unit>
		<Unit filename="..\..\src\tron\gTeam.h">
			<Option compilerVar=""/>
			<Option compile="0"/>
			<Option link="0"/>
			<Option target="Win32 Release"/>
			<Option target="Win32 Debug"/>
			<Option target="Win32 Profile"/>
		</Unit>
		<Unit filename="..\..\src\tron\gWall.cpp">
			<Option compilerVar="CPP"/>
			<Option target="Win32 Release"/>
			<Option target="Win32 Debug"/>
			<Option target="Win32 Profile"/>
		</Unit>
		<Unit filename="..\..\src\tron\gWall.h">
			<Option compilerVar=""/>
			<Option compile="0"/>
			<Option link="0"/>
			<Option target="Win32 Release"/>
			<Option target="Win32 Debug"/>
			<Option target="Win32 Profile"/>
		</Unit>
		<Unit filename="..\..\src\tron\gWinZone.h">
			<Option compilerVar=""/>
			<Option compile="0"/>
			<Option link="0"/>
			<Option target="Win32 Release"/>
			<Option target="Win32 Debug"/>
			<Option target="Win32 Profile"/>
		</Unit>
		<Unit filename="..\..\src\tron\zone\shapeCircle.h">
			<Option compilerVar=""/>
			<Option compile="0"/>
			<Option link="0"/>
			<Option target="Win32 Release"/>
			<Option target="Win32 Debug"/>
			<Option target="Win32 Profile"/>
		</Unit>
		<Unit filename="..\..\src\tron\zone\zEffectGroup.cpp">
			<Option compilerVar="CPP"/>
			<Option target="Win32 Release"/>
			<Option target="Win32 Debug"/>
			<Option target="Win32 Profile"/>
		</Unit>
		<Unit filename="..\..\src\tron\zone\zEffectGroup.h">
			<Option compilerVar=""/>
			<Option compile="0"/>
			<Option link="0"/>
			<Option target="Win32 Release"/>
			<Option target="Win32 Debug"/>
			<Option target="Win32 Profile"/>
		</Unit>
		<Unit filename="..\..\src\tron\zone\zEffector.cpp">
			<Option compilerVar="CPP"/>
			<Option target="Win32 Release"/>
			<Option target="Win32 Debug"/>
			<Option target="Win32 Profile"/>
		</Unit>
		<Unit filename="..\..\src\tron\zone\zEffector.h">
			<Option compilerVar=""/>
			<Option compile="0"/>
			<Option link="0"/>
			<Option target="Win32 Release"/>
			<Option target="Win32 Debug"/>
			<Option target="Win32 Profile"/>
		</Unit>
		<Unit filename="..\..\src\tron\zone\zMisc.h">
			<Option compilerVar=""/>
			<Option compile="0"/>
			<Option link="0"/>
			<Option target="Win32 Release"/>
			<Option target="Win32 Debug"/>
			<Option target="Win32 Profile"/>
		</Unit>
		<Unit filename="..\..\src\tron\zone\zMonitor.cpp">
			<Option compilerVar="CPP"/>
			<Option target="Win32 Release"/>
			<Option target="Win32 Debug"/>
			<Option target="Win32 Profile"/>
		</Unit>
		<Unit filename="..\..\src\tron\zone\zMonitor.h">
			<Option compilerVar=""/>
			<Option compile="0"/>
			<Option link="0"/>
			<Option target="Win32 Release"/>
			<Option target="Win32 Debug"/>
			<Option target="Win32 Profile"/>
		</Unit>
		<Unit filename="..\..\src\tron\zone\zSelector.cpp">
			<Option compilerVar="CPP"/>
			<Option target="Win32 Release"/>
			<Option target="Win32 Debug"/>
			<Option target="Win32 Profile"/>
		</Unit>
		<Unit filename="..\..\src\tron\zone\zSelector.h">
			<Option compilerVar=""/>
			<Option compile="0"/>
			<Option link="0"/>
			<Option target="Win32 Release"/>
			<Option target="Win32 Debug"/>
			<Option target="Win32 Profile"/>
		</Unit>
		<Unit filename="..\..\src\tron\zone\zShape.cpp">
			<Option compilerVar="CPP"/>
			<Option target="Win32 Release"/>
			<Option target="Win32 Debug"/>
			<Option target="Win32 Profile"/>
		</Unit>
		<Unit filename="..\..\src\tron\zone\zShape.hpp">
			<Option compilerVar=""/>
			<Option compile="0"/>
			<Option link="0"/>
			<Option target="Win32 Release"/>
			<Option target="Win32 Debug"/>
			<Option target="Win32 Profile"/>
		</Unit>
		<Unit filename="..\..\src\tron\zone\zValidator.cpp">
			<Option compilerVar="CPP"/>
			<Option target="Win32 Release"/>
			<Option target="Win32 Debug"/>
			<Option target="Win32 Profile"/>
		</Unit>
		<Unit filename="..\..\src\tron\zone\zValidator.h">
			<Option compilerVar=""/>
			<Option compile="0"/>
			<Option link="0"/>
			<Option target="Win32 Release"/>
			<Option target="Win32 Debug"/>
			<Option target="Win32 Profile"/>
		</Unit>
		<Unit filename="..\..\src\tron\zone\zZone.cpp">
			<Option compilerVar="CPP"/>
			<Option target="Win32 Release"/>
			<Option target="Win32 Debug"/>
			<Option target="Win32 Profile"/>
		</Unit>
		<Unit filename="..\..\src\tron\zone\zZone.h">
			<Option compilerVar=""/>
			<Option compile="0"/>
			<Option link="0"/>
			<Option target="Win32 Release"/>
			<Option target="Win32 Debug"/>
			<Option target="Win32 Profile"/>
		</Unit>
		<Unit filename="..\..\src\tron\zone\zZoneInfluence.cpp">
			<Option compilerVar="CPP"/>
			<Option target="Win32 Release"/>
			<Option target="Win32 Debug"/>
			<Option target="Win32 Profile"/>
		</Unit>
		<Unit filename="..\..\src\tron\zone\zZoneInfluence.h">
			<Option compilerVar=""/>
			<Option compile="0"/>
			<Option link="0"/>
			<Option target="Win32 Release"/>
			<Option target="Win32 Debug"/>
			<Option target="Win32 Profile"/>
		</Unit>
		<Unit filename="..\..\src\ui\uInput.cpp">
			<Option compilerVar="CPP"/>
			<Option target="Win32 Release"/>
			<Option target="Win32 Debug"/>
			<Option target="Win32 Profile"/>
		</Unit>
		<Unit filename="..\..\src\ui\uInput.h">
			<Option compilerVar=""/>
			<Option compile="0"/>
			<Option link="0"/>
			<Option target="Win32 Release"/>
			<Option target="Win32 Debug"/>
			<Option target="Win32 Profile"/>
		</Unit>
		<Unit filename="..\..\src\ui\uInputQueue.cpp">
			<Option compilerVar="CPP"/>
			<Option target="Win32 Release"/>
			<Option target="Win32 Debug"/>
			<Option target="Win32 Profile"/>
		</Unit>
		<Unit filename="..\..\src\ui\uInputQueue.h">
			<Option compilerVar=""/>
			<Option compile="0"/>
			<Option link="0"/>
			<Option target="Win32 Release"/>
			<Option target="Win32 Debug"/>
			<Option target="Win32 Profile"/>
		</Unit>
		<Unit filename="..\..\src\ui\uMenu.cpp">
			<Option compilerVar="CPP"/>
			<Option target="Win32 Release"/>
			<Option target="Win32 Debug"/>
			<Option target="Win32 Profile"/>
		</Unit>
		<Unit filename="..\..\src\ui\uMenu.h">
			<Option compilerVar=""/>
			<Option compile="0"/>
			<Option link="0"/>
			<Option target="Win32 Release"/>
			<Option target="Win32 Debug"/>
			<Option target="Win32 Profile"/>
		</Unit>
		<Unit filename="..\..\src\ui\uWebinterface.cpp">
			<Option compilerVar="CPP"/>
			<Option target="Win32 Release"/>
			<Option target="Win32 Debug"/>
			<Option target="Win32 Profile"/>
		</Unit>
		<Unit filename="..\..\src\ui\uWebinterface.h">
			<Option compilerVar=""/>
			<Option compile="0"/>
			<Option link="0"/>
			<Option target="Win32 Release"/>
			<Option target="Win32 Debug"/>
			<Option target="Win32 Profile"/>
		</Unit>
		<Unit filename="..\..\src\win32\aa_config.h">
			<Option compilerVar=""/>
			<Option compile="0"/>
			<Option link="0"/>
			<Option target="Win32 Release"/>
			<Option target="Win32 Debug"/>
			<Option target="Win32 Profile"/>
		</Unit>
		<Unit filename="..\..\src\win32\armagetron.rc">
			<Option compilerVar="WINDRES"/>
			<Option objectName="src\win32\armagetron.res"/>
			<Option target="Win32 Release"/>
			<Option target="Win32 Debug"/>
			<Option target="Win32 Profile"/>
		</Unit>
		<Unit filename="..\..\src\win32\config_common.h">
			<Option compilerVar=""/>
			<Option compile="0"/>
			<Option link="0"/>
			<Option target="Win32 Release"/>
			<Option target="Win32 Debug"/>
			<Option target="Win32 Profile"/>
		</Unit>
		<Unit filename="..\..\src\win32_ded\aa_config.h">
			<Option compilerVar=""/>
			<Option compile="0"/>
			<Option link="0"/>
			<Option target="Win32 Release"/>
			<Option target="Win32 Debug"/>
			<Option target="Win32 Profile"/>
		</Unit>
		<Unit filename="..\..\src\win32_ded\dirent.c">
			<Option compilerVar="CC"/>
			<Option target="Win32 Release"/>
			<Option target="Win32 Debug"/>
			<Option target="Win32 Profile"/>
		</Unit>
		<Unit filename="..\..\src\win32_ded\dirent.h">
			<Option compilerVar=""/>
			<Option compile="0"/>
			<Option link="0"/>
			<Option target="Win32 Release"/>
			<Option target="Win32 Debug"/>
			<Option target="Win32 Profile"/>
		</Unit>
		<Unit filename="..\..\src\win32_ded\strstream.h">
			<Option compilerVar=""/>
			<Option compile="0"/>
			<Option link="0"/>
			<Option target="Win32 Release"/>
			<Option target="Win32 Debug"/>
			<Option target="Win32 Profile"/>
		</Unit>
	</Project>
</CodeBlocks_project_file>
