<?xml version="1.0"?>
<!DOCTYPE CodeBlocks_project_file>
<CodeBlocks_project_file>
	<FileVersion major="1" minor="1"/>
	<Project>
		<Option title="Master"/>
		<Option makefile="Makefile"/>
		<Option makefile_is_custom="0"/>
		<Option compiler="0"/>
		<Build>
			<Target title="Win32 Release">
				<Option output="..\..\build\dist\armagetronad_master.exe"/>
				<Option working_dir="..\..\build\dist\"/>
				<Option object_output="..\..\build\tmp\Armagetron_Master___Win32_Release"/>
				<Option deps_output=".deps"/>
				<Option type="1"/>
				<Option compiler="0"/>
				<Option projectResourceIncludeDirsRelation="1"/>
				<Compiler>
					<Add option="-O2"/>
					<Add option="-W"/>
					<Add option="-DNDEBUG"/>
				</Compiler>
				<Linker>
					<Add option="-s"/>
				</Linker>
			</Target>
			<Target title="Win32 Debug">
				<Option output="..\..\build\debug\armagetronad_master.exe"/>
				<Option working_dir="..\..\build\debug\"/>
				<Option object_output="..\..\build\tmp\Armagetron_Master___Win32_Debug"/>
				<Option deps_output=".deps"/>
				<Option type="1"/>
				<Option compiler="0"/>
				<Option projectResourceIncludeDirsRelation="1"/>
				<Compiler>
					<Add option="-W"/>
					<Add option="-g"/>
					<Add option="-D_DEBUG"/>
					<Add option="-DDEBUG"/>
				</Compiler>
			</Target>
			<Target title="Win32 Profile">
				<Option output="..\..\build\profile\armagetronad_master.exe"/>
				<Option working_dir="..\..\build\profile\"/>
				<Option object_output="..\..\build\tmp\Armagetron_Master___Win32_Profile"/>
				<Option deps_output=".deps"/>
				<Option type="1"/>
				<Option compiler="0"/>
				<Option projectResourceIncludeDirsRelation="1"/>
				<Compiler>
					<Add option="-O2"/>
					<Add option="-W"/>
					<Add option="-g"/>
					<Add option="-D_DEBUG"/>
					<Add option="-DDEBUG"/>
				</Compiler>
			</Target>
		</Build>
		<Compiler>
			<Add option="-fexceptions"/>
			<Add option="-DWIN32"/>
			<Add option="-D_CONSOLE"/>
			<Add option="-D_MBCS"/>
			<Add directory="..\..\src"/>
			<Add directory="..\..\src\engine"/>
			<Add directory="..\..\src\network"/>
			<Add directory="..\..\src\render"/>
			<Add directory="..\..\src\tools"/>
			<Add directory="..\..\src\ui"/>
			<Add directory="..\..\src\win32_ded"/>
		</Compiler>
		<Linker>
			<Add library="libwsock32.a"/>
		</Linker>
		<Unit filename="..\..\src\network\master.cpp">
			<Option compilerVar="CPP"/>
			<Option target="Win32 Release"/>
			<Option target="Win32 Debug"/>
			<Option target="Win32 Profile"/>
		</Unit>
		<Unit filename="..\..\src\network\md5.cpp">
			<Option compilerVar="CPP"/>
			<Option target="Win32 Release"/>
			<Option target="Win32 Debug"/>
			<Option target="Win32 Profile"/>
		</Unit>
		<Unit filename="..\..\src\network\md5.h">
			<Option compilerVar=""/>
			<Option compile="0"/>
			<Option link="0"/>
			<Option target="Win32 Release"/>
			<Option target="Win32 Debug"/>
			<Option target="Win32 Profile"/>
		</Unit>
		<Unit filename="..\..\src\network\nAuthentification.cpp">
			<Option compilerVar="CPP"/>
			<Option target="Win32 Release"/>
			<Option target="Win32 Debug"/>
			<Option target="Win32 Profile"/>
		</Unit>
		<Unit filename="..\..\src\network\nAuthentification.h">
			<Option compilerVar=""/>
			<Option compile="0"/>
			<Option link="0"/>
			<Option target="Win32 Release"/>
			<Option target="Win32 Debug"/>
			<Option target="Win32 Profile"/>
		</Unit>
		<Unit filename="..\..\src\network\nConfig.cpp">
			<Option compilerVar="CPP"/>
			<Option target="Win32 Release"/>
			<Option target="Win32 Debug"/>
			<Option target="Win32 Profile"/>
		</Unit>
		<Unit filename="..\..\src\network\nConfig.h">
			<Option compilerVar=""/>
			<Option compile="0"/>
			<Option link="0"/>
			<Option target="Win32 Release"/>
			<Option target="Win32 Debug"/>
			<Option target="Win32 Profile"/>
		</Unit>
		<Unit filename="..\..\src\network\nKrawall.cpp">
			<Option compilerVar="CPP"/>
			<Option target="Win32 Release"/>
			<Option target="Win32 Debug"/>
			<Option target="Win32 Profile"/>
		</Unit>
		<Unit filename="..\..\src\network\nKrawall.h">
			<Option compilerVar=""/>
			<Option compile="0"/>
			<Option link="0"/>
			<Option target="Win32 Release"/>
			<Option target="Win32 Debug"/>
			<Option target="Win32 Profile"/>
		</Unit>
		<Unit filename="..\..\src\network\nKrawallPrivate.cpp">
			<Option compilerVar="CPP"/>
			<Option target="Win32 Release"/>
			<Option target="Win32 Debug"/>
			<Option target="Win32 Profile"/>
		</Unit>
		<Unit filename="..\..\src\network\nNetObject.cpp">
			<Option compilerVar="CPP"/>
			<Option target="Win32 Release"/>
			<Option target="Win32 Debug"/>
			<Option target="Win32 Profile"/>
		</Unit>
		<Unit filename="..\..\src\network\nNetObject.h">
			<Option compilerVar=""/>
			<Option compile="0"/>
			<Option link="0"/>
			<Option target="Win32 Release"/>
			<Option target="Win32 Debug"/>
			<Option target="Win32 Profile"/>
		</Unit>
		<Unit filename="..\..\src\network\nNetwork.cpp">
			<Option compilerVar="CPP"/>
			<Option target="Win32 Release"/>
			<Option target="Win32 Debug"/>
			<Option target="Win32 Profile"/>
		</Unit>
		<Unit filename="..\..\src\network\nNetwork.h">
			<Option compilerVar=""/>
			<Option compile="0"/>
			<Option link="0"/>
			<Option target="Win32 Release"/>
			<Option target="Win32 Debug"/>
			<Option target="Win32 Profile"/>
		</Unit>
		<Unit filename="..\..\src\network\nObserver.cpp">
			<Option compilerVar="CPP"/>
			<Option target="Win32 Release"/>
			<Option target="Win32 Debug"/>
			<Option target="Win32 Profile"/>
		</Unit>
		<Unit filename="..\..\src\network\nObserver.h">
			<Option compilerVar=""/>
			<Option compile="0"/>
			<Option link="0"/>
			<Option target="Win32 Release"/>
			<Option target="Win32 Debug"/>
			<Option target="Win32 Profile"/>
		</Unit>
		<Unit filename="..\..\src\network\nPriorizing.cpp">
			<Option compilerVar="CPP"/>
			<Option target="Win32 Release"/>
			<Option target="Win32 Debug"/>
			<Option target="Win32 Profile"/>
		</Unit>
		<Unit filename="..\..\src\network\nPriorizing.h">
			<Option compilerVar=""/>
			<Option compile="0"/>
			<Option link="0"/>
			<Option target="Win32 Release"/>
			<Option target="Win32 Debug"/>
			<Option target="Win32 Profile"/>
		</Unit>
		<Unit filename="..\..\src\network\nServerInfo.cpp">
			<Option compilerVar="CPP"/>
			<Option target="Win32 Release"/>
			<Option target="Win32 Debug"/>
			<Option target="Win32 Profile"/>
		</Unit>
		<Unit filename="..\..\src\network\nServerInfo.h">
			<Option compilerVar=""/>
			<Option compile="0"/>
			<Option link="0"/>
			<Option target="Win32 Release"/>
			<Option target="Win32 Debug"/>
			<Option target="Win32 Profile"/>
		</Unit>
		<Unit filename="..\..\src\network\nSimulatePing.h">
			<Option compilerVar=""/>
			<Option compile="0"/>
			<Option link="0"/>
			<Option target="Win32 Release"/>
			<Option target="Win32 Debug"/>
			<Option target="Win32 Profile"/>
		</Unit>
		<Unit filename="..\..\src\network\nSocket.cpp">
			<Option compilerVar="CPP"/>
			<Option target="Win32 Release"/>
			<Option target="Win32 Debug"/>
			<Option target="Win32 Profile"/>
		</Unit>
		<Unit filename="..\..\src\network\nSocket.h">
			<Option compilerVar=""/>
			<Option compile="0"/>
			<Option link="0"/>
			<Option target="Win32 Release"/>
			<Option target="Win32 Debug"/>
			<Option target="Win32 Profile"/>
		</Unit>
		<Unit filename="..\..\src\network\nSpamProtection.cpp">
			<Option compilerVar="CPP"/>
			<Option target="Win32 Release"/>
			<Option target="Win32 Debug"/>
			<Option target="Win32 Profile"/>
		</Unit>
		<Unit filename="..\..\src\network\nSpamProtection.h">
			<Option compilerVar=""/>
			<Option compile="0"/>
			<Option link="0"/>
			<Option target="Win32 Release"/>
			<Option target="Win32 Debug"/>
			<Option target="Win32 Profile"/>
		</Unit>
		<Unit filename="..\..\src\tools\tArray.cpp">
			<Option compilerVar="CPP"/>
			<Option target="Win32 Release"/>
			<Option target="Win32 Debug"/>
			<Option target="Win32 Profile"/>
		</Unit>
		<Unit filename="..\..\src\tools\tArray.h">
			<Option compilerVar=""/>
			<Option compile="0"/>
			<Option link="0"/>
			<Option target="Win32 Release"/>
			<Option target="Win32 Debug"/>
			<Option target="Win32 Profile"/>
		</Unit>
		<Unit filename="..\..\src\tools\tCallback.cpp">
			<Option compilerVar="CPP"/>
			<Option target="Win32 Release"/>
			<Option target="Win32 Debug"/>
			<Option target="Win32 Profile"/>
		</Unit>
		<Unit filename="..\..\src\tools\tCallback.h">
			<Option compilerVar=""/>
			<Option compile="0"/>
			<Option link="0"/>
			<Option target="Win32 Release"/>
			<Option target="Win32 Debug"/>
			<Option target="Win32 Profile"/>
		</Unit>
		<Unit filename="..\..\src\tools\tCallbackString.h">
			<Option compilerVar=""/>
			<Option compile="0"/>
			<Option link="0"/>
			<Option target="Win32 Release"/>
			<Option target="Win32 Debug"/>
			<Option target="Win32 Profile"/>
		</Unit>
		<Unit filename="..\..\src\tools\tCommandLine.cpp">
			<Option compilerVar="CPP"/>
			<Option target="Win32 Release"/>
			<Option target="Win32 Debug"/>
			<Option target="Win32 Profile"/>
		</Unit>
		<Unit filename="..\..\src\tools\tCommandLine.h">
			<Option compilerVar=""/>
			<Option compile="0"/>
			<Option link="0"/>
			<Option target="Win32 Release"/>
			<Option target="Win32 Debug"/>
			<Option target="Win32 Profile"/>
		</Unit>
		<Unit filename="..\..\src\tools\tConfiguration.cpp">
			<Option compilerVar="CPP"/>
			<Option target="Win32 Release"/>
			<Option target="Win32 Debug"/>
			<Option target="Win32 Profile"/>
		</Unit>
		<Unit filename="..\..\src\tools\tConfiguration.h">
			<Option compilerVar=""/>
			<Option compile="0"/>
			<Option link="0"/>
			<Option target="Win32 Release"/>
			<Option target="Win32 Debug"/>
			<Option target="Win32 Profile"/>
		</Unit>
		<Unit filename="..\..\src\tools\tConsole.cpp">
			<Option compilerVar="CPP"/>
			<Option target="Win32 Release"/>
			<Option target="Win32 Debug"/>
			<Option target="Win32 Profile"/>
		</Unit>
		<Unit filename="..\..\src\tools\tConsole.h">
			<Option compilerVar=""/>
			<Option compile="0"/>
			<Option link="0"/>
			<Option target="Win32 Release"/>
			<Option target="Win32 Debug"/>
			<Option target="Win32 Profile"/>
		</Unit>
		<Unit filename="..\..\src\tools\tCrypt.cpp">
			<Option compilerVar="CPP"/>
			<Option target="Win32 Release"/>
			<Option target="Win32 Debug"/>
			<Option target="Win32 Profile"/>
		</Unit>
		<Unit filename="..\..\src\tools\tCrypt.h">
			<Option compilerVar=""/>
			<Option compile="0"/>
			<Option link="0"/>
			<Option target="Win32 Release"/>
			<Option target="Win32 Debug"/>
			<Option target="Win32 Profile"/>
		</Unit>
		<Unit filename="..\..\src\tools\tDirectories.cpp">
			<Option compilerVar="CPP"/>
			<Option target="Win32 Release"/>
			<Option target="Win32 Debug"/>
			<Option target="Win32 Profile"/>
		</Unit>
		<Unit filename="..\..\src\tools\tDirectories.h">
			<Option compilerVar=""/>
			<Option compile="0"/>
			<Option link="0"/>
			<Option target="Win32 Release"/>
			<Option target="Win32 Debug"/>
			<Option target="Win32 Profile"/>
		</Unit>
		<Unit filename="..\..\src\tools\tError.cpp">
			<Option compilerVar="CPP"/>
			<Option target="Win32 Release"/>
			<Option target="Win32 Debug"/>
			<Option target="Win32 Profile"/>
		</Unit>
		<Unit filename="..\..\src\tools\tError.h">
			<Option compilerVar=""/>
			<Option compile="0"/>
			<Option link="0"/>
			<Option target="Win32 Release"/>
			<Option target="Win32 Debug"/>
			<Option target="Win32 Profile"/>
		</Unit>
		<Unit filename="..\..\src\tools\tEventQueue.cpp">
			<Option compilerVar="CPP"/>
			<Option target="Win32 Release"/>
			<Option target="Win32 Debug"/>
			<Option target="Win32 Profile"/>
		</Unit>
		<Unit filename="..\..\src\tools\tEventQueue.h">
			<Option compilerVar=""/>
			<Option compile="0"/>
			<Option link="0"/>
			<Option target="Win32 Release"/>
			<Option target="Win32 Debug"/>
			<Option target="Win32 Profile"/>
		</Unit>
		<Unit filename="..\..\src\tools\tException.cpp">
			<Option compilerVar="CPP"/>
			<Option target="Win32 Release"/>
			<Option target="Win32 Debug"/>
			<Option target="Win32 Profile"/>
		</Unit>
		<Unit filename="..\..\src\tools\tException.h">
			<Option compilerVar=""/>
			<Option compile="0"/>
			<Option link="0"/>
			<Option target="Win32 Release"/>
			<Option target="Win32 Debug"/>
			<Option target="Win32 Profile"/>
		</Unit>
		<Unit filename="..\..\src\tools\tHeap.cpp">
			<Option compilerVar="CPP"/>
			<Option target="Win32 Release"/>
			<Option target="Win32 Debug"/>
			<Option target="Win32 Profile"/>
		</Unit>
		<Unit filename="..\..\src\tools\tHeap.h">
			<Option compilerVar=""/>
			<Option compile="0"/>
			<Option link="0"/>
			<Option target="Win32 Release"/>
			<Option target="Win32 Debug"/>
			<Option target="Win32 Profile"/>
		</Unit>
		<Unit filename="..\..\src\tools\tInitExit.h">
			<Option compilerVar=""/>
			<Option compile="0"/>
			<Option link="0"/>
			<Option target="Win32 Release"/>
			<Option target="Win32 Debug"/>
			<Option target="Win32 Profile"/>
		</Unit>
		<Unit filename="..\..\src\tools\tLinkedList.cpp">
			<Option compilerVar="CPP"/>
			<Option target="Win32 Release"/>
			<Option target="Win32 Debug"/>
			<Option target="Win32 Profile"/>
		</Unit>
		<Unit filename="..\..\src\tools\tLinkedList.h">
			<Option compilerVar=""/>
			<Option compile="0"/>
			<Option link="0"/>
			<Option target="Win32 Release"/>
			<Option target="Win32 Debug"/>
			<Option target="Win32 Profile"/>
		</Unit>
		<Unit filename="..\..\src\tools\tList.h">
			<Option compilerVar=""/>
			<Option compile="0"/>
			<Option link="0"/>
			<Option target="Win32 Release"/>
			<Option target="Win32 Debug"/>
			<Option target="Win32 Profile"/>
		</Unit>
		<Unit filename="..\..\src\tools\tLocale.cpp">
			<Option compilerVar="CPP"/>
			<Option target="Win32 Release"/>
			<Option target="Win32 Debug"/>
			<Option target="Win32 Profile"/>
		</Unit>
		<Unit filename="..\..\src\tools\tLocale.h">
			<Option compilerVar=""/>
			<Option compile="0"/>
			<Option link="0"/>
			<Option target="Win32 Release"/>
			<Option target="Win32 Debug"/>
			<Option target="Win32 Profile"/>
		</Unit>
		<Unit filename="..\..\src\tools\tMath.h">
			<Option compilerVar=""/>
			<Option compile="0"/>
			<Option link="0"/>
			<Option target="Win32 Release"/>
			<Option target="Win32 Debug"/>
			<Option target="Win32 Profile"/>
		</Unit>
		<Unit filename="..\..\src\tools\tMemManager.cpp">
			<Option compilerVar="CPP"/>
			<Option target="Win32 Release"/>
			<Option target="Win32 Debug"/>
			<Option target="Win32 Profile"/>
		</Unit>
		<Unit filename="..\..\src\tools\tMemManager.h">
			<Option compilerVar=""/>
			<Option compile="0"/>
			<Option link="0"/>
			<Option target="Win32 Release"/>
			<Option target="Win32 Debug"/>
			<Option target="Win32 Profile"/>
		</Unit>
		<Unit filename="..\..\src\tools\tMemStack.cpp">
			<Option compilerVar="CPP"/>
			<Option target="Win32 Release"/>
			<Option target="Win32 Debug"/>
			<Option target="Win32 Profile"/>
		</Unit>
		<Unit filename="..\..\src\tools\tMemStack.h">
			<Option compilerVar=""/>
			<Option compile="0"/>
			<Option link="0"/>
			<Option target="Win32 Release"/>
			<Option target="Win32 Debug"/>
			<Option target="Win32 Profile"/>
		</Unit>
		<Unit filename="..\..\src\tools\tRandom.cpp">
			<Option compilerVar="CPP"/>
			<Option target="Win32 Release"/>
			<Option target="Win32 Debug"/>
			<Option target="Win32 Profile"/>
		</Unit>
		<Unit filename="..\..\src\tools\tRandom.h">
			<Option compilerVar=""/>
			<Option compile="0"/>
			<Option link="0"/>
			<Option target="Win32 Release"/>
			<Option target="Win32 Debug"/>
			<Option target="Win32 Profile"/>
		</Unit>
		<Unit filename="..\..\src\tools\tRecorder.cpp">
			<Option compilerVar="CPP"/>
			<Option target="Win32 Release"/>
			<Option target="Win32 Debug"/>
			<Option target="Win32 Profile"/>
		</Unit>
		<Unit filename="..\..\src\tools\tRecorder.h">
			<Option compilerVar=""/>
			<Option compile="0"/>
			<Option link="0"/>
			<Option target="Win32 Release"/>
			<Option target="Win32 Debug"/>
			<Option target="Win32 Profile"/>
		</Unit>
		<Unit filename="..\..\src\tools\tRecorderInternal.cpp">
			<Option compilerVar="CPP"/>
			<Option target="Win32 Release"/>
			<Option target="Win32 Debug"/>
			<Option target="Win32 Profile"/>
		</Unit>
		<Unit filename="..\..\src\tools\tRecorderInternal.h">
			<Option compilerVar=""/>
			<Option compile="0"/>
			<Option link="0"/>
			<Option target="Win32 Release"/>
			<Option target="Win32 Debug"/>
			<Option target="Win32 Profile"/>
		</Unit>
		<Unit filename="..\..\src\tools\tReferenceHolder.h">
			<Option compilerVar=""/>
			<Option compile="0"/>
			<Option link="0"/>
			<Option target="Win32 Release"/>
			<Option target="Win32 Debug"/>
			<Option target="Win32 Profile"/>
		</Unit>
		<Unit filename="..\..\src\tools\tRing.cpp">
			<Option compilerVar="CPP"/>
			<Option target="Win32 Release"/>
			<Option target="Win32 Debug"/>
			<Option target="Win32 Profile"/>
		</Unit>
		<Unit filename="..\..\src\tools\tRing.h">
			<Option compilerVar=""/>
			<Option compile="0"/>
			<Option link="0"/>
			<Option target="Win32 Release"/>
			<Option target="Win32 Debug"/>
			<Option target="Win32 Profile"/>
		</Unit>
		<Unit filename="..\..\src\tools\tSafePTR.cpp">
			<Option compilerVar="CPP"/>
			<Option target="Win32 Release"/>
			<Option target="Win32 Debug"/>
			<Option target="Win32 Profile"/>
		</Unit>
		<Unit filename="..\..\src\tools\tSafePTR.h">
			<Option compilerVar=""/>
			<Option compile="0"/>
			<Option link="0"/>
			<Option target="Win32 Release"/>
			<Option target="Win32 Debug"/>
			<Option target="Win32 Profile"/>
		</Unit>
		<Unit filename="..\..\src\tools\tString.cpp">
			<Option compilerVar="CPP"/>
			<Option target="Win32 Release"/>
			<Option target="Win32 Debug"/>
			<Option target="Win32 Profile"/>
		</Unit>
		<Unit filename="..\..\src\tools\tString.h">
			<Option compilerVar=""/>
			<Option compile="0"/>
			<Option link="0"/>
			<Option target="Win32 Release"/>
			<Option target="Win32 Debug"/>
			<Option target="Win32 Profile"/>
		</Unit>
		<Unit filename="..\..\src\tools\tSysTime.cpp">
			<Option compilerVar="CPP"/>
			<Option target="Win32 Release"/>
			<Option target="Win32 Debug"/>
			<Option target="Win32 Profile"/>
		</Unit>
		<Unit filename="..\..\src\tools\tSysTime.h">
			<Option compilerVar=""/>
			<Option compile="0"/>
			<Option link="0"/>
			<Option target="Win32 Release"/>
			<Option target="Win32 Debug"/>
			<Option target="Win32 Profile"/>
		</Unit>
		<Unit filename="..\..\src\tools\tToDo.cpp">
			<Option compilerVar="CPP"/>
			<Option target="Win32 Release"/>
			<Option target="Win32 Debug"/>
			<Option target="Win32 Profile"/>
		</Unit>
		<Unit filename="..\..\src\tools\tToDo.h">
			<Option compilerVar=""/>
			<Option compile="0"/>
			<Option link="0"/>
			<Option target="Win32 Release"/>
			<Option target="Win32 Debug"/>
			<Option target="Win32 Profile"/>
		</Unit>
		<Unit filename="..\..\src\win32\armagetron.rc">
			<Option compilerVar="WINDRES"/>
			<Option objectName="src\win32\armagetron.res"/>
			<Option target="Win32 Release"/>
			<Option target="Win32 Debug"/>
			<Option target="Win32 Profile"/>
		</Unit>
		<Unit filename="..\..\src\win32_ded\config.h">
			<Option compilerVar=""/>
			<Option compile="0"/>
			<Option link="0"/>
			<Option target="Win32 Release"/>
			<Option target="Win32 Debug"/>
			<Option target="Win32 Profile"/>
		</Unit>
		<Unit filename="..\..\src\win32_ded\dirent.c">
			<Option compilerVar="CC"/>
			<Option target="Win32 Release"/>
			<Option target="Win32 Debug"/>
			<Option target="Win32 Profile"/>
		</Unit>
		<Unit filename="..\..\src\win32_ded\dirent.h">
			<Option compilerVar=""/>
			<Option compile="0"/>
			<Option link="0"/>
			<Option target="Win32 Release"/>
			<Option target="Win32 Debug"/>
			<Option target="Win32 Profile"/>
		</Unit>
	</Project>
</CodeBlocks_project_file>
